
Microsoft Visual Studio Solution File, Format Version 12.00
# Visual Studio Version 16
VisualStudioVersion = 16.0.29806.167
MinimumVisualStudioVersion = 10.0.40219.1
Project("{8BC9CEB8-8B4A-11D0-8D11-00A0C91BC942}") = "cpp_basic", "cpp_basic\cpp_basic.vcxproj", "{5A5E0DDD-5AC3-4D72-A338-359138430157}"
EndProject
Project("{8BC9CEB8-8B4A-11D0-8D11-00A0C91BC942}") = "枚举类型", "枚举类型\枚举类型.vcxproj", "{468FF32C-1645-4B3A-9F15-C0459B3E27C4}"
EndProject
Project("{8BC9CEB8-8B4A-11D0-8D11-00A0C91BC942}") = "引用类型", "引用类型\引用类型.vcxproj", "{C90115EE-525A-4E22-9195-F24C447CA913}"
EndProject
Project("{8BC9CEB8-8B4A-11D0-8D11-00A0C91BC942}") = "引用的本质", "引用的本质\引用的本质.vcxproj", "{ABA05282-6AF7-41FD-A8DC-AD88140227C4}"
EndProject
Project("{8BC9CEB8-8B4A-11D0-8D11-00A0C91BC942}") = "函数返回引用", "函数返回引用\函数返回引用.vcxproj", "{BE0D2FDC-221E-492E-8353-0AEA30F0CCA2}"
EndProject
Project("{8BC9CEB8-8B4A-11D0-8D11-00A0C91BC942}") = "指针引用", "指针引用\指针引用.vcxproj", "{6161B2EF-F8E3-4519-AB35-25F0172DE7DB}"
EndProject
Project("{8BC9CEB8-8B4A-11D0-8D11-00A0C91BC942}") = "常量赋值", "常量赋值\常量赋值.vcxproj", "{8AB454B4-6EC5-46FD-A541-17627DF8C084}"
EndProject
Project("{8BC9CEB8-8B4A-11D0-8D11-00A0C91BC942}") = "内联函数", "内联函数\内联函数.vcxproj", "{6198FA0A-656B-4D69-8C83-044FAC5CDE53}"
EndProject
Project("{8BC9CEB8-8B4A-11D0-8D11-00A0C91BC942}") = "函数指针", "函数指针\函数指针.vcxproj", "{F86B8C29-9C17-4DCE-99BA-EAC3B365DC8D}"
EndProject
Project("{8BC9CEB8-8B4A-11D0-8D11-00A0C91BC942}") = "面向对象的概念", "面向对象的概念\面向对象的概念.vcxproj", "{149888BA-F3D9-4C0E-86E3-E76278BB89EE}"
EndProject
Project("{8BC9CEB8-8B4A-11D0-8D11-00A0C91BC942}") = "静态成员和方法", "静态成员和方法\静态成员和方法.vcxproj", "{B8205E6B-1DDC-4C8F-90FF-F81F9C48D79E}"
EndProject
Project("{8BC9CEB8-8B4A-11D0-8D11-00A0C91BC942}") = "static练习", "static练习\static练习.vcxproj", "{F143BFEC-73A0-414C-886E-E7A29E57115A}"
EndProject
Project("{8BC9CEB8-8B4A-11D0-8D11-00A0C91BC942}") = "有元函数", "有元函数\有元函数.vcxproj", "{B04AECEE-3B42-4FE4-BDF8-240DDA1A6B86}"
EndProject
Project("{8BC9CEB8-8B4A-11D0-8D11-00A0C91BC942}") = "友元类", "友元类\友元类.vcxproj", "{BF476F74-5925-447C-B551-6D3A6F28B046}"
EndProject
Project("{8BC9CEB8-8B4A-11D0-8D11-00A0C91BC942}") = "类的继承", "类的继承\类的继承.vcxproj", "{392BA065-C54B-4A87-BBC4-CBA539FE5C77}"
EndProject
Project("{8BC9CEB8-8B4A-11D0-8D11-00A0C91BC942}") = "类继承的三种方式", "类继承的三种方式\类继承的三种方式.vcxproj", "{43B50C6B-FD9B-46BD-A455-1157AF48F094}"
EndProject
Project("{8BC9CEB8-8B4A-11D0-8D11-00A0C91BC942}") = "子类构造方法执行顺序", "子类构造方法执行顺序\子类构造方法执行顺序.vcxproj", "{34C2891A-2F1F-46C3-BC1C-9D513AA7C710}"
EndProject
Project("{8BC9CEB8-8B4A-11D0-8D11-00A0C91BC942}") = "域操作符在继承中的作用", "域操作符在继承中的作用\域操作符在继承中的作用.vcxproj", "{3627F0B8-C853-4FB6-9DCD-7084A2681F4F}"
EndProject
Project("{8BC9CEB8-8B4A-11D0-8D11-00A0C91BC942}") = "继承中的static", "继承中的static\继承中的static.vcxproj", "{C9F1DDAD-B189-4B1A-9086-FE80123FDEC1}"
EndProject
Project("{8BC9CEB8-8B4A-11D0-8D11-00A0C91BC942}") = "多继承之中的虚继承", "多继承之中的虚继承\多继承之中的虚继承.vcxproj", "{7BAF97A9-DA4D-4C0B-AB17-55AF9F808FEE}"
EndProject
Project("{8BC9CEB8-8B4A-11D0-8D11-00A0C91BC942}") = "多态行为", "多态行为\多态行为.vcxproj", "{ABBCC33E-6E93-497B-9222-34A2FC0792DC}"
EndProject
Project("{8BC9CEB8-8B4A-11D0-8D11-00A0C91BC942}") = "虚析构函数", "虚析构函数\虚析构函数.vcxproj", "{9E287691-BBFC-44AB-97B2-636D3F54B6CC}"
EndProject
Project("{8BC9CEB8-8B4A-11D0-8D11-00A0C91BC942}") = "虚函数指针的存在性验证", "虚函数指针的存在性验证\虚函数指针的存在性验证.vcxproj", "{2038A3E4-21C9-4E02-BC6C-5ABC46760D9E}"
EndProject
Project("{8BC9CEB8-8B4A-11D0-8D11-00A0C91BC942}") = "vptr虚函数指针的分布初始化", "vptr虚函数指针的分布初始化\vptr虚函数指针的分布初始化.vcxproj", "{3DF4941C-DEBA-4BF1-B048-9CC45DF7B625}"
EndProject
Project("{8BC9CEB8-8B4A-11D0-8D11-00A0C91BC942}") = "纯虚函数抽象类", "纯虚函数抽象类\纯虚函数抽象类.vcxproj", "{D1222908-AA3C-4975-B2CD-316CA17AAB9A}"
EndProject
Project("{8BC9CEB8-8B4A-11D0-8D11-00A0C91BC942}") = "模板函数", "模板函数\模板函数.vcxproj", "{927C803E-E494-4D60-861B-C72A91756131}"
EndProject
Project("{8BC9CEB8-8B4A-11D0-8D11-00A0C91BC942}") = "普通函数和模板的区别", "普通函数和模板的区别\普通函数和模板的区别.vcxproj", "{EC359BA7-85BE-459C-B631-ABD9B1D92C41}"
EndProject
Project("{8BC9CEB8-8B4A-11D0-8D11-00A0C91BC942}") = "类模板语法", "类模板语法\类模板语法.vcxproj", "{8CCCDAE4-19F0-46FE-9D33-DB0F2E7190E2}"
EndProject
Project("{8BC9CEB8-8B4A-11D0-8D11-00A0C91BC942}") = "类模板的继承", "类模板的继承\类模板的继承.vcxproj", "{DC025778-78C5-4BB1-BF94-57D73C9E9F81}"
EndProject
Project("{8BC9CEB8-8B4A-11D0-8D11-00A0C91BC942}") = "类的标准写法", "类的标准写法\类的标准写法.vcxproj", "{253200A8-DDB7-4156-927D-A752A54EF236}"
EndProject
Project("{8BC9CEB8-8B4A-11D0-8D11-00A0C91BC942}") = "重载左移运算符", "重载左移运算符\重载左移运算符.vcxproj", "{C021932E-0F13-4D64-9A01-5B0B73AE09C3}"
EndProject
Project("{8BC9CEB8-8B4A-11D0-8D11-00A0C91BC942}") = "类型转换", "类型转换\类型转换.vcxproj", "{C38C5D61-9D4B-4539-95B6-22C3F5974EBD}"
EndProject
Project("{8BC9CEB8-8B4A-11D0-8D11-00A0C91BC942}") = "异常的基本语法", "异常的基本语法\异常的基本语法.vcxproj", "{37EAB50B-A743-4F40-A3B9-98CBECF074F0}"
EndProject
Project("{8BC9CEB8-8B4A-11D0-8D11-00A0C91BC942}") = "栈解旋", "栈解旋\栈解旋.vcxproj", "{C214AAE5-B897-4214-9FF0-ADDA40093795}"
EndProject
Project("{8BC9CEB8-8B4A-11D0-8D11-00A0C91BC942}") = "抛出多个异常和异常捕获", "抛出多个异常和异常捕获\抛出多个异常和异常捕获.vcxproj", "{47D11B0C-0E38-4604-A36B-6F11C832BA8C}"
EndProject
Project("{8BC9CEB8-8B4A-11D0-8D11-00A0C91BC942}") = "自定义异常类", "自定义异常类\自定义异常类.vcxproj", "{CD834196-E0BF-4B88-A676-BF3578086CD7}"
EndProject
Project("{8BC9CEB8-8B4A-11D0-8D11-00A0C91BC942}") = "继承exception类的自定义异常类", "继承exception类的自定义异常类\继承exception类的自定义异常类.vcxproj", "{5FC70ACA-56F6-4D26-8E9A-0EE62AD8631F}"
EndProject
Project("{8BC9CEB8-8B4A-11D0-8D11-00A0C91BC942}") = "标准输入cin", "标准输入cin\标准输入cin.vcxproj", "{924FFF64-A27C-44F9-BF02-BFF022D9ACEC}"
EndProject
Project("{8BC9CEB8-8B4A-11D0-8D11-00A0C91BC942}") = "mysql环境配置", "mysql环境配置\mysql环境配置.vcxproj", "{2087B161-A51F-4B15-B64E-3ADAE037FC74}"
EndProject
Project("{8BC9CEB8-8B4A-11D0-8D11-00A0C91BC942}") = "oracle环境配置", "oracle环境配置\oracle环境配置.vcxproj", "{33A57040-EA10-433C-8462-FE48E00BBBE8}"
EndProject
Project("{8BC9CEB8-8B4A-11D0-8D11-00A0C91BC942}") = "NULL值判断", "NULL值判断\NULL值判断.vcxproj", "{6E26117B-9172-47C1-9394-371358DA294F}"
EndProject
Project("{8BC9CEB8-8B4A-11D0-8D11-00A0C91BC942}") = "标准输出格式化输出", "标准输出格式化输出\标准输出格式化输出.vcxproj", "{082C7AB5-AC77-408B-A866-05BC9D7CB443}"
EndProject
Project("{8BC9CEB8-8B4A-11D0-8D11-00A0C91BC942}") = "文件读写", "文件读写\文件读写.vcxproj", "{4CB48711-9DFC-48ED-8EE5-8D2EFEC152D7}"
EndProject
Project("{8BC9CEB8-8B4A-11D0-8D11-00A0C91BC942}") = "对象的序列化", "对象的序列化\对象的序列化.vcxproj", "{83464325-D2CE-4121-8A59-53EAC191E602}"
EndProject
Project("{8BC9CEB8-8B4A-11D0-8D11-00A0C91BC942}") = "容器vector", "容器vector\容器vector.vcxproj", "{EC9E5BB6-4A87-41A2-883A-C36DE8C44D66}"
EndProject
Project("{8BC9CEB8-8B4A-11D0-8D11-00A0C91BC942}") = "string的基本使用", "string的基本使用\string的基本使用.vcxproj", "{08B13B72-151F-4161-A7D4-CDE05C6241AB}"
EndProject
Project("{8BC9CEB8-8B4A-11D0-8D11-00A0C91BC942}") = "vector容器", "vector容器\vector容器.vcxproj", "{DFED0906-3C5D-4343-B5C7-D170C140EEE7}"
EndProject
Project("{8BC9CEB8-8B4A-11D0-8D11-00A0C91BC942}") = "deque容器", "deque容器\deque容器.vcxproj", "{85F87A4F-BD94-48AE-962A-A8DD0C545063}"
EndProject
Project("{8BC9CEB8-8B4A-11D0-8D11-00A0C91BC942}") = "stack容器", "stack容器\stack容器.vcxproj", "{5C7D75B2-7808-4F40-B4D0-00B7DD9DB103}"
EndProject
Project("{8BC9CEB8-8B4A-11D0-8D11-00A0C91BC942}") = "queue先进先出队列", "queue先进先出队列\queue先进先出队列.vcxproj", "{81FFC865-8413-4E11-9364-09C2E890493C}"
EndProject
Project("{8BC9CEB8-8B4A-11D0-8D11-00A0C91BC942}") = "list链表", "list链表\list链表.vcxproj", "{EC74F67F-050B-44D1-9EA4-044241A28EB2}"
EndProject
Project("{8BC9CEB8-8B4A-11D0-8D11-00A0C91BC942}") = "set容器自动排序", "set容器自动排序\set容器自动排序.vcxproj", "{5DA6E981-992C-460E-8D52-E0019CAEF16C}"
EndProject
Project("{8BC9CEB8-8B4A-11D0-8D11-00A0C91BC942}") = "pair对组", "pair对组\pair对组.vcxproj", "{795C1AB3-60C8-4C01-82C5-977E03C5A136}"
EndProject
Project("{8BC9CEB8-8B4A-11D0-8D11-00A0C91BC942}") = "map容器", "map容器\map容器.vcxproj", "{0C22BFCC-F81E-4F03-84FB-9D51B610669B}"
EndProject
Project("{8BC9CEB8-8B4A-11D0-8D11-00A0C91BC942}") = "指针与数组", "指针与数组\指针与数组.vcxproj", "{D44489DB-F853-40BA-B4A3-843148AD9470}"
EndProject
Project("{8BC9CEB8-8B4A-11D0-8D11-00A0C91BC942}") = "指针与数组的应用", "指针与数组的应用\指针与数组的应用.vcxproj", "{5A80F0DF-7D5B-42A3-8E81-787C3C0E4DFB}"
EndProject
Project("{8BC9CEB8-8B4A-11D0-8D11-00A0C91BC942}") = "指针与二维数组", "指针与二维数组\指针与二维数组.vcxproj", "{8A3432CF-4298-4E42-8374-D08ED74D3AA6}"
EndProject
Project("{8BC9CEB8-8B4A-11D0-8D11-00A0C91BC942}") = "数组作为参数", "数组作为参数\数组作为参数.vcxproj", "{8B5A03EA-4602-47C6-9D0E-67CCAF4C47D9}"
EndProject
Project("{8BC9CEB8-8B4A-11D0-8D11-00A0C91BC942}") = "函数指针c", "函数指针c\函数指针c.vcxproj", "{E51EF63D-B40E-4BEC-B15E-C45EAB33FDEF}"
EndProject
Project("{8BC9CEB8-8B4A-11D0-8D11-00A0C91BC942}") = "函数指针作为参数", "函数指针作为参数\函数指针作为参数.vcxproj", "{15FCA25B-425A-45A6-928B-D5358B580920}"
EndProject
Project("{8BC9CEB8-8B4A-11D0-8D11-00A0C91BC942}") = "函数返回指针", "函数返回指针\函数返回指针.vcxproj", "{4CBD208E-565D-4CFB-A1A3-431368465418}"
EndProject
Project("{8BC9CEB8-8B4A-11D0-8D11-00A0C91BC942}") = "void类型的指针", "void类型的指针\void类型的指针.vcxproj", "{C8C2541C-08AB-45C0-97D0-AF146154CEAB}"
EndProject
Project("{8BC9CEB8-8B4A-11D0-8D11-00A0C91BC942}") = "mallocfree开辟内存释放内存", "mallocfree开辟内存释放内存\mallocfree开辟内存释放内存.vcxproj", "{DD0D8F0A-2D37-4855-827D-501B81015FCF}"
EndProject
Project("{8BC9CEB8-8B4A-11D0-8D11-00A0C91BC942}") = "分配内存malloc", "分配内存malloc\分配内存malloc.vcxproj", "{30C1C9B4-0E9F-4D6A-A6D0-BF9616A48C29}"
EndProject
Project("{8BC9CEB8-8B4A-11D0-8D11-00A0C91BC942}") = "malloc和calloc分配内存的方式", "malloc和calloc分配内存的方式\malloc和calloc分配内存的方式.vcxproj", "{92B72B3A-EE42-492B-A723-5E18C628AD5D}"
EndProject
Project("{8BC9CEB8-8B4A-11D0-8D11-00A0C91BC942}") = "free函数注意事项", "free函数注意事项\free函数注意事项.vcxproj", "{CFECEC92-CA85-40EC-B6D4-3ECDD528DBA5}"
EndProject
Project("{8BC9CEB8-8B4A-11D0-8D11-00A0C91BC942}") = "迷途指针", "迷途指针\迷途指针.vcxproj", "{39622961-953D-4ED2-BA75-103D791ECEFA}"
EndProject
Project("{8BC9CEB8-8B4A-11D0-8D11-00A0C91BC942}") = "32位和64位的区别", "32位和64位的区别\32位和64位的区别.vcxproj", "{CC8CF9F3-A25A-4AE2-BB61-6AD6B10CD5AC}"
EndProject
Project("{8BC9CEB8-8B4A-11D0-8D11-00A0C91BC942}") = "指针的优先级", "指针的优先级\指针的优先级.vcxproj", "{D982C3CC-9178-49F6-B011-7FCD936039F8}"
EndProject
Project("{8BC9CEB8-8B4A-11D0-8D11-00A0C91BC942}") = "指针变量和指针", "指针变量和指针\指针变量和指针.vcxproj", "{C8C3A2FD-63A3-42BB-8892-41983D56C04D}"
EndProject
Project("{8BC9CEB8-8B4A-11D0-8D11-00A0C91BC942}") = "字符串", "字符串\字符串.vcxproj", "{6CB8E1F3-C8CE-451E-9296-3FD03F32ACDF}"
EndProject
Project("{8BC9CEB8-8B4A-11D0-8D11-00A0C91BC942}") = "字符串输入与输出", "字符串输入与输出\字符串输入与输出.vcxproj", "{B104407C-62AF-459E-B1F1-4F3BAAE6A2AA}"
EndProject
Project("{8BC9CEB8-8B4A-11D0-8D11-00A0C91BC942}") = "字符串查找", "字符串查找\字符串查找.vcxproj", "{5E3DD926-B8CC-42C6-A50F-DD752DE4BE51}"
EndProject
Project("{8BC9CEB8-8B4A-11D0-8D11-00A0C91BC942}") = "strcmp字符串比较", "strcmp字符串比较\strcmp字符串比较.vcxproj", "{C9E65E1B-A66F-4FA7-8AC4-8572A691408A}"
EndProject
Project("{8BC9CEB8-8B4A-11D0-8D11-00A0C91BC942}") = "指针也是一种变量", "指针也是一种变量\指针也是一种变量.vcxproj", "{F731EB49-8EBB-49E0-B158-7C278EC1B0E5}"
EndProject
Project("{8BC9CEB8-8B4A-11D0-8D11-00A0C91BC942}") = "数据类型进制转换", "数据类型进制转换\数据类型进制转换.vcxproj", "{95470F46-DC29-4A8F-AB42-2C5393B0C768}"
EndProject
Project("{8BC9CEB8-8B4A-11D0-8D11-00A0C91BC942}") = "strlen和sizeof的区别", "strlen和sizeof的区别\strlen和sizeof的区别.vcxproj", "{316F9BF3-02ED-4E8B-A85D-327E0AF16FE4}"
EndProject
Project("{8BC9CEB8-8B4A-11D0-8D11-00A0C91BC942}") = "设计模式_cpp", "设计模式_cpp\设计模式_cpp.vcxproj", "{2C85C539-997C-4C84-95EA-039F9B76C5BB}"
EndProject
Global
	GlobalSection(SolutionConfigurationPlatforms) = preSolution
		Debug|ARM = Debug|ARM
		Debug|ARM64 = Debug|ARM64
		Debug|x64 = Debug|x64
		Debug|x86 = Debug|x86
		Release|ARM = Release|ARM
		Release|ARM64 = Release|ARM64
		Release|x64 = Release|x64
		Release|x86 = Release|x86
	EndGlobalSection
	GlobalSection(ProjectConfigurationPlatforms) = postSolution
		{5A5E0DDD-5AC3-4D72-A338-359138430157}.Debug|ARM.ActiveCfg = Debug|Win32
		{5A5E0DDD-5AC3-4D72-A338-359138430157}.Debug|ARM64.ActiveCfg = Debug|Win32
		{5A5E0DDD-5AC3-4D72-A338-359138430157}.Debug|x64.ActiveCfg = Debug|x64
		{5A5E0DDD-5AC3-4D72-A338-359138430157}.Debug|x64.Build.0 = Debug|x64
		{5A5E0DDD-5AC3-4D72-A338-359138430157}.Debug|x86.ActiveCfg = Debug|Win32
		{5A5E0DDD-5AC3-4D72-A338-359138430157}.Debug|x86.Build.0 = Debug|Win32
		{5A5E0DDD-5AC3-4D72-A338-359138430157}.Release|ARM.ActiveCfg = Release|Win32
		{5A5E0DDD-5AC3-4D72-A338-359138430157}.Release|ARM64.ActiveCfg = Release|Win32
		{5A5E0DDD-5AC3-4D72-A338-359138430157}.Release|x64.ActiveCfg = Release|x64
		{5A5E0DDD-5AC3-4D72-A338-359138430157}.Release|x64.Build.0 = Release|x64
		{5A5E0DDD-5AC3-4D72-A338-359138430157}.Release|x86.ActiveCfg = Release|Win32
		{5A5E0DDD-5AC3-4D72-A338-359138430157}.Release|x86.Build.0 = Release|Win32
		{468FF32C-1645-4B3A-9F15-C0459B3E27C4}.Debug|ARM.ActiveCfg = Debug|Win32
		{468FF32C-1645-4B3A-9F15-C0459B3E27C4}.Debug|ARM64.ActiveCfg = Debug|Win32
		{468FF32C-1645-4B3A-9F15-C0459B3E27C4}.Debug|x64.ActiveCfg = Debug|x64
		{468FF32C-1645-4B3A-9F15-C0459B3E27C4}.Debug|x64.Build.0 = Debug|x64
		{468FF32C-1645-4B3A-9F15-C0459B3E27C4}.Debug|x86.ActiveCfg = Debug|Win32
		{468FF32C-1645-4B3A-9F15-C0459B3E27C4}.Debug|x86.Build.0 = Debug|Win32
		{468FF32C-1645-4B3A-9F15-C0459B3E27C4}.Release|ARM.ActiveCfg = Release|Win32
		{468FF32C-1645-4B3A-9F15-C0459B3E27C4}.Release|ARM64.ActiveCfg = Release|Win32
		{468FF32C-1645-4B3A-9F15-C0459B3E27C4}.Release|x64.ActiveCfg = Release|x64
		{468FF32C-1645-4B3A-9F15-C0459B3E27C4}.Release|x64.Build.0 = Release|x64
		{468FF32C-1645-4B3A-9F15-C0459B3E27C4}.Release|x86.ActiveCfg = Release|Win32
		{468FF32C-1645-4B3A-9F15-C0459B3E27C4}.Release|x86.Build.0 = Release|Win32
		{C90115EE-525A-4E22-9195-F24C447CA913}.Debug|ARM.ActiveCfg = Debug|Win32
		{C90115EE-525A-4E22-9195-F24C447CA913}.Debug|ARM64.ActiveCfg = Debug|Win32
		{C90115EE-525A-4E22-9195-F24C447CA913}.Debug|x64.ActiveCfg = Debug|x64
		{C90115EE-525A-4E22-9195-F24C447CA913}.Debug|x64.Build.0 = Debug|x64
		{C90115EE-525A-4E22-9195-F24C447CA913}.Debug|x86.ActiveCfg = Debug|Win32
		{C90115EE-525A-4E22-9195-F24C447CA913}.Debug|x86.Build.0 = Debug|Win32
		{C90115EE-525A-4E22-9195-F24C447CA913}.Release|ARM.ActiveCfg = Release|Win32
		{C90115EE-525A-4E22-9195-F24C447CA913}.Release|ARM64.ActiveCfg = Release|Win32
		{C90115EE-525A-4E22-9195-F24C447CA913}.Release|x64.ActiveCfg = Release|x64
		{C90115EE-525A-4E22-9195-F24C447CA913}.Release|x64.Build.0 = Release|x64
		{C90115EE-525A-4E22-9195-F24C447CA913}.Release|x86.ActiveCfg = Release|Win32
		{C90115EE-525A-4E22-9195-F24C447CA913}.Release|x86.Build.0 = Release|Win32
		{ABA05282-6AF7-41FD-A8DC-AD88140227C4}.Debug|ARM.ActiveCfg = Debug|Win32
		{ABA05282-6AF7-41FD-A8DC-AD88140227C4}.Debug|ARM64.ActiveCfg = Debug|Win32
		{ABA05282-6AF7-41FD-A8DC-AD88140227C4}.Debug|x64.ActiveCfg = Debug|x64
		{ABA05282-6AF7-41FD-A8DC-AD88140227C4}.Debug|x64.Build.0 = Debug|x64
		{ABA05282-6AF7-41FD-A8DC-AD88140227C4}.Debug|x86.ActiveCfg = Debug|Win32
		{ABA05282-6AF7-41FD-A8DC-AD88140227C4}.Debug|x86.Build.0 = Debug|Win32
		{ABA05282-6AF7-41FD-A8DC-AD88140227C4}.Release|ARM.ActiveCfg = Release|Win32
		{ABA05282-6AF7-41FD-A8DC-AD88140227C4}.Release|ARM64.ActiveCfg = Release|Win32
		{ABA05282-6AF7-41FD-A8DC-AD88140227C4}.Release|x64.ActiveCfg = Release|x64
		{ABA05282-6AF7-41FD-A8DC-AD88140227C4}.Release|x64.Build.0 = Release|x64
		{ABA05282-6AF7-41FD-A8DC-AD88140227C4}.Release|x86.ActiveCfg = Release|Win32
		{ABA05282-6AF7-41FD-A8DC-AD88140227C4}.Release|x86.Build.0 = Release|Win32
		{BE0D2FDC-221E-492E-8353-0AEA30F0CCA2}.Debug|ARM.ActiveCfg = Debug|Win32
		{BE0D2FDC-221E-492E-8353-0AEA30F0CCA2}.Debug|ARM64.ActiveCfg = Debug|Win32
		{BE0D2FDC-221E-492E-8353-0AEA30F0CCA2}.Debug|x64.ActiveCfg = Debug|x64
		{BE0D2FDC-221E-492E-8353-0AEA30F0CCA2}.Debug|x64.Build.0 = Debug|x64
		{BE0D2FDC-221E-492E-8353-0AEA30F0CCA2}.Debug|x86.ActiveCfg = Debug|Win32
		{BE0D2FDC-221E-492E-8353-0AEA30F0CCA2}.Debug|x86.Build.0 = Debug|Win32
		{BE0D2FDC-221E-492E-8353-0AEA30F0CCA2}.Release|ARM.ActiveCfg = Release|Win32
		{BE0D2FDC-221E-492E-8353-0AEA30F0CCA2}.Release|ARM64.ActiveCfg = Release|Win32
		{BE0D2FDC-221E-492E-8353-0AEA30F0CCA2}.Release|x64.ActiveCfg = Release|x64
		{BE0D2FDC-221E-492E-8353-0AEA30F0CCA2}.Release|x64.Build.0 = Release|x64
		{BE0D2FDC-221E-492E-8353-0AEA30F0CCA2}.Release|x86.ActiveCfg = Release|Win32
		{BE0D2FDC-221E-492E-8353-0AEA30F0CCA2}.Release|x86.Build.0 = Release|Win32
		{6161B2EF-F8E3-4519-AB35-25F0172DE7DB}.Debug|ARM.ActiveCfg = Debug|Win32
		{6161B2EF-F8E3-4519-AB35-25F0172DE7DB}.Debug|ARM64.ActiveCfg = Debug|Win32
		{6161B2EF-F8E3-4519-AB35-25F0172DE7DB}.Debug|x64.ActiveCfg = Debug|x64
		{6161B2EF-F8E3-4519-AB35-25F0172DE7DB}.Debug|x64.Build.0 = Debug|x64
		{6161B2EF-F8E3-4519-AB35-25F0172DE7DB}.Debug|x86.ActiveCfg = Debug|Win32
		{6161B2EF-F8E3-4519-AB35-25F0172DE7DB}.Debug|x86.Build.0 = Debug|Win32
		{6161B2EF-F8E3-4519-AB35-25F0172DE7DB}.Release|ARM.ActiveCfg = Release|Win32
		{6161B2EF-F8E3-4519-AB35-25F0172DE7DB}.Release|ARM64.ActiveCfg = Release|Win32
		{6161B2EF-F8E3-4519-AB35-25F0172DE7DB}.Release|x64.ActiveCfg = Release|x64
		{6161B2EF-F8E3-4519-AB35-25F0172DE7DB}.Release|x64.Build.0 = Release|x64
		{6161B2EF-F8E3-4519-AB35-25F0172DE7DB}.Release|x86.ActiveCfg = Release|Win32
		{6161B2EF-F8E3-4519-AB35-25F0172DE7DB}.Release|x86.Build.0 = Release|Win32
		{8AB454B4-6EC5-46FD-A541-17627DF8C084}.Debug|ARM.ActiveCfg = Debug|Win32
		{8AB454B4-6EC5-46FD-A541-17627DF8C084}.Debug|ARM64.ActiveCfg = Debug|Win32
		{8AB454B4-6EC5-46FD-A541-17627DF8C084}.Debug|x64.ActiveCfg = Debug|x64
		{8AB454B4-6EC5-46FD-A541-17627DF8C084}.Debug|x64.Build.0 = Debug|x64
		{8AB454B4-6EC5-46FD-A541-17627DF8C084}.Debug|x86.ActiveCfg = Debug|Win32
		{8AB454B4-6EC5-46FD-A541-17627DF8C084}.Debug|x86.Build.0 = Debug|Win32
		{8AB454B4-6EC5-46FD-A541-17627DF8C084}.Release|ARM.ActiveCfg = Release|Win32
		{8AB454B4-6EC5-46FD-A541-17627DF8C084}.Release|ARM64.ActiveCfg = Release|Win32
		{8AB454B4-6EC5-46FD-A541-17627DF8C084}.Release|x64.ActiveCfg = Release|x64
		{8AB454B4-6EC5-46FD-A541-17627DF8C084}.Release|x64.Build.0 = Release|x64
		{8AB454B4-6EC5-46FD-A541-17627DF8C084}.Release|x86.ActiveCfg = Release|Win32
		{8AB454B4-6EC5-46FD-A541-17627DF8C084}.Release|x86.Build.0 = Release|Win32
		{6198FA0A-656B-4D69-8C83-044FAC5CDE53}.Debug|ARM.ActiveCfg = Debug|Win32
		{6198FA0A-656B-4D69-8C83-044FAC5CDE53}.Debug|ARM64.ActiveCfg = Debug|Win32
		{6198FA0A-656B-4D69-8C83-044FAC5CDE53}.Debug|x64.ActiveCfg = Debug|x64
		{6198FA0A-656B-4D69-8C83-044FAC5CDE53}.Debug|x64.Build.0 = Debug|x64
		{6198FA0A-656B-4D69-8C83-044FAC5CDE53}.Debug|x86.ActiveCfg = Debug|Win32
		{6198FA0A-656B-4D69-8C83-044FAC5CDE53}.Debug|x86.Build.0 = Debug|Win32
		{6198FA0A-656B-4D69-8C83-044FAC5CDE53}.Release|ARM.ActiveCfg = Release|Win32
		{6198FA0A-656B-4D69-8C83-044FAC5CDE53}.Release|ARM64.ActiveCfg = Release|Win32
		{6198FA0A-656B-4D69-8C83-044FAC5CDE53}.Release|x64.ActiveCfg = Release|x64
		{6198FA0A-656B-4D69-8C83-044FAC5CDE53}.Release|x64.Build.0 = Release|x64
		{6198FA0A-656B-4D69-8C83-044FAC5CDE53}.Release|x86.ActiveCfg = Release|Win32
		{6198FA0A-656B-4D69-8C83-044FAC5CDE53}.Release|x86.Build.0 = Release|Win32
		{F86B8C29-9C17-4DCE-99BA-EAC3B365DC8D}.Debug|ARM.ActiveCfg = Debug|Win32
		{F86B8C29-9C17-4DCE-99BA-EAC3B365DC8D}.Debug|ARM64.ActiveCfg = Debug|Win32
		{F86B8C29-9C17-4DCE-99BA-EAC3B365DC8D}.Debug|x64.ActiveCfg = Debug|x64
		{F86B8C29-9C17-4DCE-99BA-EAC3B365DC8D}.Debug|x64.Build.0 = Debug|x64
		{F86B8C29-9C17-4DCE-99BA-EAC3B365DC8D}.Debug|x86.ActiveCfg = Debug|Win32
		{F86B8C29-9C17-4DCE-99BA-EAC3B365DC8D}.Debug|x86.Build.0 = Debug|Win32
		{F86B8C29-9C17-4DCE-99BA-EAC3B365DC8D}.Release|ARM.ActiveCfg = Release|Win32
		{F86B8C29-9C17-4DCE-99BA-EAC3B365DC8D}.Release|ARM64.ActiveCfg = Release|Win32
		{F86B8C29-9C17-4DCE-99BA-EAC3B365DC8D}.Release|x64.ActiveCfg = Release|x64
		{F86B8C29-9C17-4DCE-99BA-EAC3B365DC8D}.Release|x64.Build.0 = Release|x64
		{F86B8C29-9C17-4DCE-99BA-EAC3B365DC8D}.Release|x86.ActiveCfg = Release|Win32
		{F86B8C29-9C17-4DCE-99BA-EAC3B365DC8D}.Release|x86.Build.0 = Release|Win32
		{149888BA-F3D9-4C0E-86E3-E76278BB89EE}.Debug|ARM.ActiveCfg = Debug|Win32
		{149888BA-F3D9-4C0E-86E3-E76278BB89EE}.Debug|ARM64.ActiveCfg = Debug|Win32
		{149888BA-F3D9-4C0E-86E3-E76278BB89EE}.Debug|x64.ActiveCfg = Debug|x64
		{149888BA-F3D9-4C0E-86E3-E76278BB89EE}.Debug|x64.Build.0 = Debug|x64
		{149888BA-F3D9-4C0E-86E3-E76278BB89EE}.Debug|x86.ActiveCfg = Debug|Win32
		{149888BA-F3D9-4C0E-86E3-E76278BB89EE}.Debug|x86.Build.0 = Debug|Win32
		{149888BA-F3D9-4C0E-86E3-E76278BB89EE}.Release|ARM.ActiveCfg = Release|Win32
		{149888BA-F3D9-4C0E-86E3-E76278BB89EE}.Release|ARM64.ActiveCfg = Release|Win32
		{149888BA-F3D9-4C0E-86E3-E76278BB89EE}.Release|x64.ActiveCfg = Release|x64
		{149888BA-F3D9-4C0E-86E3-E76278BB89EE}.Release|x64.Build.0 = Release|x64
		{149888BA-F3D9-4C0E-86E3-E76278BB89EE}.Release|x86.ActiveCfg = Release|Win32
		{149888BA-F3D9-4C0E-86E3-E76278BB89EE}.Release|x86.Build.0 = Release|Win32
		{B8205E6B-1DDC-4C8F-90FF-F81F9C48D79E}.Debug|ARM.ActiveCfg = Debug|Win32
		{B8205E6B-1DDC-4C8F-90FF-F81F9C48D79E}.Debug|ARM64.ActiveCfg = Debug|Win32
		{B8205E6B-1DDC-4C8F-90FF-F81F9C48D79E}.Debug|x64.ActiveCfg = Debug|x64
		{B8205E6B-1DDC-4C8F-90FF-F81F9C48D79E}.Debug|x64.Build.0 = Debug|x64
		{B8205E6B-1DDC-4C8F-90FF-F81F9C48D79E}.Debug|x86.ActiveCfg = Debug|Win32
		{B8205E6B-1DDC-4C8F-90FF-F81F9C48D79E}.Debug|x86.Build.0 = Debug|Win32
		{B8205E6B-1DDC-4C8F-90FF-F81F9C48D79E}.Release|ARM.ActiveCfg = Release|Win32
		{B8205E6B-1DDC-4C8F-90FF-F81F9C48D79E}.Release|ARM64.ActiveCfg = Release|Win32
		{B8205E6B-1DDC-4C8F-90FF-F81F9C48D79E}.Release|x64.ActiveCfg = Release|x64
		{B8205E6B-1DDC-4C8F-90FF-F81F9C48D79E}.Release|x64.Build.0 = Release|x64
		{B8205E6B-1DDC-4C8F-90FF-F81F9C48D79E}.Release|x86.ActiveCfg = Release|Win32
		{B8205E6B-1DDC-4C8F-90FF-F81F9C48D79E}.Release|x86.Build.0 = Release|Win32
		{F143BFEC-73A0-414C-886E-E7A29E57115A}.Debug|ARM.ActiveCfg = Debug|Win32
		{F143BFEC-73A0-414C-886E-E7A29E57115A}.Debug|ARM64.ActiveCfg = Debug|Win32
		{F143BFEC-73A0-414C-886E-E7A29E57115A}.Debug|x64.ActiveCfg = Debug|x64
		{F143BFEC-73A0-414C-886E-E7A29E57115A}.Debug|x64.Build.0 = Debug|x64
		{F143BFEC-73A0-414C-886E-E7A29E57115A}.Debug|x86.ActiveCfg = Debug|Win32
		{F143BFEC-73A0-414C-886E-E7A29E57115A}.Debug|x86.Build.0 = Debug|Win32
		{F143BFEC-73A0-414C-886E-E7A29E57115A}.Release|ARM.ActiveCfg = Release|Win32
		{F143BFEC-73A0-414C-886E-E7A29E57115A}.Release|ARM64.ActiveCfg = Release|Win32
		{F143BFEC-73A0-414C-886E-E7A29E57115A}.Release|x64.ActiveCfg = Release|x64
		{F143BFEC-73A0-414C-886E-E7A29E57115A}.Release|x64.Build.0 = Release|x64
		{F143BFEC-73A0-414C-886E-E7A29E57115A}.Release|x86.ActiveCfg = Release|Win32
		{F143BFEC-73A0-414C-886E-E7A29E57115A}.Release|x86.Build.0 = Release|Win32
		{B04AECEE-3B42-4FE4-BDF8-240DDA1A6B86}.Debug|ARM.ActiveCfg = Debug|Win32
		{B04AECEE-3B42-4FE4-BDF8-240DDA1A6B86}.Debug|ARM64.ActiveCfg = Debug|Win32
		{B04AECEE-3B42-4FE4-BDF8-240DDA1A6B86}.Debug|x64.ActiveCfg = Debug|x64
		{B04AECEE-3B42-4FE4-BDF8-240DDA1A6B86}.Debug|x64.Build.0 = Debug|x64
		{B04AECEE-3B42-4FE4-BDF8-240DDA1A6B86}.Debug|x86.ActiveCfg = Debug|Win32
		{B04AECEE-3B42-4FE4-BDF8-240DDA1A6B86}.Debug|x86.Build.0 = Debug|Win32
		{B04AECEE-3B42-4FE4-BDF8-240DDA1A6B86}.Release|ARM.ActiveCfg = Release|Win32
		{B04AECEE-3B42-4FE4-BDF8-240DDA1A6B86}.Release|ARM64.ActiveCfg = Release|Win32
		{B04AECEE-3B42-4FE4-BDF8-240DDA1A6B86}.Release|x64.ActiveCfg = Release|x64
		{B04AECEE-3B42-4FE4-BDF8-240DDA1A6B86}.Release|x64.Build.0 = Release|x64
		{B04AECEE-3B42-4FE4-BDF8-240DDA1A6B86}.Release|x86.ActiveCfg = Release|Win32
		{B04AECEE-3B42-4FE4-BDF8-240DDA1A6B86}.Release|x86.Build.0 = Release|Win32
		{BF476F74-5925-447C-B551-6D3A6F28B046}.Debug|ARM.ActiveCfg = Debug|Win32
		{BF476F74-5925-447C-B551-6D3A6F28B046}.Debug|ARM64.ActiveCfg = Debug|Win32
		{BF476F74-5925-447C-B551-6D3A6F28B046}.Debug|x64.ActiveCfg = Debug|x64
		{BF476F74-5925-447C-B551-6D3A6F28B046}.Debug|x64.Build.0 = Debug|x64
		{BF476F74-5925-447C-B551-6D3A6F28B046}.Debug|x86.ActiveCfg = Debug|Win32
		{BF476F74-5925-447C-B551-6D3A6F28B046}.Debug|x86.Build.0 = Debug|Win32
		{BF476F74-5925-447C-B551-6D3A6F28B046}.Release|ARM.ActiveCfg = Release|Win32
		{BF476F74-5925-447C-B551-6D3A6F28B046}.Release|ARM64.ActiveCfg = Release|Win32
		{BF476F74-5925-447C-B551-6D3A6F28B046}.Release|x64.ActiveCfg = Release|x64
		{BF476F74-5925-447C-B551-6D3A6F28B046}.Release|x64.Build.0 = Release|x64
		{BF476F74-5925-447C-B551-6D3A6F28B046}.Release|x86.ActiveCfg = Release|Win32
		{BF476F74-5925-447C-B551-6D3A6F28B046}.Release|x86.Build.0 = Release|Win32
		{392BA065-C54B-4A87-BBC4-CBA539FE5C77}.Debug|ARM.ActiveCfg = Debug|Win32
		{392BA065-C54B-4A87-BBC4-CBA539FE5C77}.Debug|ARM64.ActiveCfg = Debug|Win32
		{392BA065-C54B-4A87-BBC4-CBA539FE5C77}.Debug|x64.ActiveCfg = Debug|x64
		{392BA065-C54B-4A87-BBC4-CBA539FE5C77}.Debug|x64.Build.0 = Debug|x64
		{392BA065-C54B-4A87-BBC4-CBA539FE5C77}.Debug|x86.ActiveCfg = Debug|Win32
		{392BA065-C54B-4A87-BBC4-CBA539FE5C77}.Debug|x86.Build.0 = Debug|Win32
		{392BA065-C54B-4A87-BBC4-CBA539FE5C77}.Release|ARM.ActiveCfg = Release|Win32
		{392BA065-C54B-4A87-BBC4-CBA539FE5C77}.Release|ARM64.ActiveCfg = Release|Win32
		{392BA065-C54B-4A87-BBC4-CBA539FE5C77}.Release|x64.ActiveCfg = Release|x64
		{392BA065-C54B-4A87-BBC4-CBA539FE5C77}.Release|x64.Build.0 = Release|x64
		{392BA065-C54B-4A87-BBC4-CBA539FE5C77}.Release|x86.ActiveCfg = Release|Win32
		{392BA065-C54B-4A87-BBC4-CBA539FE5C77}.Release|x86.Build.0 = Release|Win32
		{43B50C6B-FD9B-46BD-A455-1157AF48F094}.Debug|ARM.ActiveCfg = Debug|Win32
		{43B50C6B-FD9B-46BD-A455-1157AF48F094}.Debug|ARM64.ActiveCfg = Debug|Win32
		{43B50C6B-FD9B-46BD-A455-1157AF48F094}.Debug|x64.ActiveCfg = Debug|x64
		{43B50C6B-FD9B-46BD-A455-1157AF48F094}.Debug|x64.Build.0 = Debug|x64
		{43B50C6B-FD9B-46BD-A455-1157AF48F094}.Debug|x86.ActiveCfg = Debug|Win32
		{43B50C6B-FD9B-46BD-A455-1157AF48F094}.Debug|x86.Build.0 = Debug|Win32
		{43B50C6B-FD9B-46BD-A455-1157AF48F094}.Release|ARM.ActiveCfg = Release|Win32
		{43B50C6B-FD9B-46BD-A455-1157AF48F094}.Release|ARM64.ActiveCfg = Release|Win32
		{43B50C6B-FD9B-46BD-A455-1157AF48F094}.Release|x64.ActiveCfg = Release|x64
		{43B50C6B-FD9B-46BD-A455-1157AF48F094}.Release|x64.Build.0 = Release|x64
		{43B50C6B-FD9B-46BD-A455-1157AF48F094}.Release|x86.ActiveCfg = Release|Win32
		{43B50C6B-FD9B-46BD-A455-1157AF48F094}.Release|x86.Build.0 = Release|Win32
		{34C2891A-2F1F-46C3-BC1C-9D513AA7C710}.Debug|ARM.ActiveCfg = Debug|Win32
		{34C2891A-2F1F-46C3-BC1C-9D513AA7C710}.Debug|ARM64.ActiveCfg = Debug|Win32
		{34C2891A-2F1F-46C3-BC1C-9D513AA7C710}.Debug|x64.ActiveCfg = Debug|x64
		{34C2891A-2F1F-46C3-BC1C-9D513AA7C710}.Debug|x64.Build.0 = Debug|x64
		{34C2891A-2F1F-46C3-BC1C-9D513AA7C710}.Debug|x86.ActiveCfg = Debug|Win32
		{34C2891A-2F1F-46C3-BC1C-9D513AA7C710}.Debug|x86.Build.0 = Debug|Win32
		{34C2891A-2F1F-46C3-BC1C-9D513AA7C710}.Release|ARM.ActiveCfg = Release|Win32
		{34C2891A-2F1F-46C3-BC1C-9D513AA7C710}.Release|ARM64.ActiveCfg = Release|Win32
		{34C2891A-2F1F-46C3-BC1C-9D513AA7C710}.Release|x64.ActiveCfg = Release|x64
		{34C2891A-2F1F-46C3-BC1C-9D513AA7C710}.Release|x64.Build.0 = Release|x64
		{34C2891A-2F1F-46C3-BC1C-9D513AA7C710}.Release|x86.ActiveCfg = Release|Win32
		{34C2891A-2F1F-46C3-BC1C-9D513AA7C710}.Release|x86.Build.0 = Release|Win32
		{3627F0B8-C853-4FB6-9DCD-7084A2681F4F}.Debug|ARM.ActiveCfg = Debug|Win32
		{3627F0B8-C853-4FB6-9DCD-7084A2681F4F}.Debug|ARM64.ActiveCfg = Debug|Win32
		{3627F0B8-C853-4FB6-9DCD-7084A2681F4F}.Debug|x64.ActiveCfg = Debug|x64
		{3627F0B8-C853-4FB6-9DCD-7084A2681F4F}.Debug|x64.Build.0 = Debug|x64
		{3627F0B8-C853-4FB6-9DCD-7084A2681F4F}.Debug|x86.ActiveCfg = Debug|Win32
		{3627F0B8-C853-4FB6-9DCD-7084A2681F4F}.Debug|x86.Build.0 = Debug|Win32
		{3627F0B8-C853-4FB6-9DCD-7084A2681F4F}.Release|ARM.ActiveCfg = Release|Win32
		{3627F0B8-C853-4FB6-9DCD-7084A2681F4F}.Release|ARM64.ActiveCfg = Release|Win32
		{3627F0B8-C853-4FB6-9DCD-7084A2681F4F}.Release|x64.ActiveCfg = Release|x64
		{3627F0B8-C853-4FB6-9DCD-7084A2681F4F}.Release|x64.Build.0 = Release|x64
		{3627F0B8-C853-4FB6-9DCD-7084A2681F4F}.Release|x86.ActiveCfg = Release|Win32
		{3627F0B8-C853-4FB6-9DCD-7084A2681F4F}.Release|x86.Build.0 = Release|Win32
		{C9F1DDAD-B189-4B1A-9086-FE80123FDEC1}.Debug|ARM.ActiveCfg = Debug|Win32
		{C9F1DDAD-B189-4B1A-9086-FE80123FDEC1}.Debug|ARM64.ActiveCfg = Debug|Win32
		{C9F1DDAD-B189-4B1A-9086-FE80123FDEC1}.Debug|x64.ActiveCfg = Debug|x64
		{C9F1DDAD-B189-4B1A-9086-FE80123FDEC1}.Debug|x64.Build.0 = Debug|x64
		{C9F1DDAD-B189-4B1A-9086-FE80123FDEC1}.Debug|x86.ActiveCfg = Debug|Win32
		{C9F1DDAD-B189-4B1A-9086-FE80123FDEC1}.Debug|x86.Build.0 = Debug|Win32
		{C9F1DDAD-B189-4B1A-9086-FE80123FDEC1}.Release|ARM.ActiveCfg = Release|Win32
		{C9F1DDAD-B189-4B1A-9086-FE80123FDEC1}.Release|ARM64.ActiveCfg = Release|Win32
		{C9F1DDAD-B189-4B1A-9086-FE80123FDEC1}.Release|x64.ActiveCfg = Release|x64
		{C9F1DDAD-B189-4B1A-9086-FE80123FDEC1}.Release|x64.Build.0 = Release|x64
		{C9F1DDAD-B189-4B1A-9086-FE80123FDEC1}.Release|x86.ActiveCfg = Release|Win32
		{C9F1DDAD-B189-4B1A-9086-FE80123FDEC1}.Release|x86.Build.0 = Release|Win32
		{7BAF97A9-DA4D-4C0B-AB17-55AF9F808FEE}.Debug|ARM.ActiveCfg = Debug|Win32
		{7BAF97A9-DA4D-4C0B-AB17-55AF9F808FEE}.Debug|ARM64.ActiveCfg = Debug|Win32
		{7BAF97A9-DA4D-4C0B-AB17-55AF9F808FEE}.Debug|x64.ActiveCfg = Debug|x64
		{7BAF97A9-DA4D-4C0B-AB17-55AF9F808FEE}.Debug|x64.Build.0 = Debug|x64
		{7BAF97A9-DA4D-4C0B-AB17-55AF9F808FEE}.Debug|x86.ActiveCfg = Debug|Win32
		{7BAF97A9-DA4D-4C0B-AB17-55AF9F808FEE}.Debug|x86.Build.0 = Debug|Win32
		{7BAF97A9-DA4D-4C0B-AB17-55AF9F808FEE}.Release|ARM.ActiveCfg = Release|Win32
		{7BAF97A9-DA4D-4C0B-AB17-55AF9F808FEE}.Release|ARM64.ActiveCfg = Release|Win32
		{7BAF97A9-DA4D-4C0B-AB17-55AF9F808FEE}.Release|x64.ActiveCfg = Release|x64
		{7BAF97A9-DA4D-4C0B-AB17-55AF9F808FEE}.Release|x64.Build.0 = Release|x64
		{7BAF97A9-DA4D-4C0B-AB17-55AF9F808FEE}.Release|x86.ActiveCfg = Release|Win32
		{7BAF97A9-DA4D-4C0B-AB17-55AF9F808FEE}.Release|x86.Build.0 = Release|Win32
		{ABBCC33E-6E93-497B-9222-34A2FC0792DC}.Debug|ARM.ActiveCfg = Debug|Win32
		{ABBCC33E-6E93-497B-9222-34A2FC0792DC}.Debug|ARM64.ActiveCfg = Debug|Win32
		{ABBCC33E-6E93-497B-9222-34A2FC0792DC}.Debug|x64.ActiveCfg = Debug|x64
		{ABBCC33E-6E93-497B-9222-34A2FC0792DC}.Debug|x64.Build.0 = Debug|x64
		{ABBCC33E-6E93-497B-9222-34A2FC0792DC}.Debug|x86.ActiveCfg = Debug|Win32
		{ABBCC33E-6E93-497B-9222-34A2FC0792DC}.Debug|x86.Build.0 = Debug|Win32
		{ABBCC33E-6E93-497B-9222-34A2FC0792DC}.Release|ARM.ActiveCfg = Release|Win32
		{ABBCC33E-6E93-497B-9222-34A2FC0792DC}.Release|ARM64.ActiveCfg = Release|Win32
		{ABBCC33E-6E93-497B-9222-34A2FC0792DC}.Release|x64.ActiveCfg = Release|x64
		{ABBCC33E-6E93-497B-9222-34A2FC0792DC}.Release|x64.Build.0 = Release|x64
		{ABBCC33E-6E93-497B-9222-34A2FC0792DC}.Release|x86.ActiveCfg = Release|Win32
		{ABBCC33E-6E93-497B-9222-34A2FC0792DC}.Release|x86.Build.0 = Release|Win32
		{9E287691-BBFC-44AB-97B2-636D3F54B6CC}.Debug|ARM.ActiveCfg = Debug|Win32
		{9E287691-BBFC-44AB-97B2-636D3F54B6CC}.Debug|ARM64.ActiveCfg = Debug|Win32
		{9E287691-BBFC-44AB-97B2-636D3F54B6CC}.Debug|x64.ActiveCfg = Debug|x64
		{9E287691-BBFC-44AB-97B2-636D3F54B6CC}.Debug|x64.Build.0 = Debug|x64
		{9E287691-BBFC-44AB-97B2-636D3F54B6CC}.Debug|x86.ActiveCfg = Debug|Win32
		{9E287691-BBFC-44AB-97B2-636D3F54B6CC}.Debug|x86.Build.0 = Debug|Win32
		{9E287691-BBFC-44AB-97B2-636D3F54B6CC}.Release|ARM.ActiveCfg = Release|Win32
		{9E287691-BBFC-44AB-97B2-636D3F54B6CC}.Release|ARM64.ActiveCfg = Release|Win32
		{9E287691-BBFC-44AB-97B2-636D3F54B6CC}.Release|x64.ActiveCfg = Release|x64
		{9E287691-BBFC-44AB-97B2-636D3F54B6CC}.Release|x64.Build.0 = Release|x64
		{9E287691-BBFC-44AB-97B2-636D3F54B6CC}.Release|x86.ActiveCfg = Release|Win32
		{9E287691-BBFC-44AB-97B2-636D3F54B6CC}.Release|x86.Build.0 = Release|Win32
		{2038A3E4-21C9-4E02-BC6C-5ABC46760D9E}.Debug|ARM.ActiveCfg = Debug|Win32
		{2038A3E4-21C9-4E02-BC6C-5ABC46760D9E}.Debug|ARM64.ActiveCfg = Debug|Win32
		{2038A3E4-21C9-4E02-BC6C-5ABC46760D9E}.Debug|x64.ActiveCfg = Debug|x64
		{2038A3E4-21C9-4E02-BC6C-5ABC46760D9E}.Debug|x64.Build.0 = Debug|x64
		{2038A3E4-21C9-4E02-BC6C-5ABC46760D9E}.Debug|x86.ActiveCfg = Debug|Win32
		{2038A3E4-21C9-4E02-BC6C-5ABC46760D9E}.Debug|x86.Build.0 = Debug|Win32
		{2038A3E4-21C9-4E02-BC6C-5ABC46760D9E}.Release|ARM.ActiveCfg = Release|Win32
		{2038A3E4-21C9-4E02-BC6C-5ABC46760D9E}.Release|ARM64.ActiveCfg = Release|Win32
		{2038A3E4-21C9-4E02-BC6C-5ABC46760D9E}.Release|x64.ActiveCfg = Release|x64
		{2038A3E4-21C9-4E02-BC6C-5ABC46760D9E}.Release|x64.Build.0 = Release|x64
		{2038A3E4-21C9-4E02-BC6C-5ABC46760D9E}.Release|x86.ActiveCfg = Release|Win32
		{2038A3E4-21C9-4E02-BC6C-5ABC46760D9E}.Release|x86.Build.0 = Release|Win32
		{3DF4941C-DEBA-4BF1-B048-9CC45DF7B625}.Debug|ARM.ActiveCfg = Debug|Win32
		{3DF4941C-DEBA-4BF1-B048-9CC45DF7B625}.Debug|ARM64.ActiveCfg = Debug|Win32
		{3DF4941C-DEBA-4BF1-B048-9CC45DF7B625}.Debug|x64.ActiveCfg = Debug|x64
		{3DF4941C-DEBA-4BF1-B048-9CC45DF7B625}.Debug|x64.Build.0 = Debug|x64
		{3DF4941C-DEBA-4BF1-B048-9CC45DF7B625}.Debug|x86.ActiveCfg = Debug|Win32
		{3DF4941C-DEBA-4BF1-B048-9CC45DF7B625}.Debug|x86.Build.0 = Debug|Win32
		{3DF4941C-DEBA-4BF1-B048-9CC45DF7B625}.Release|ARM.ActiveCfg = Release|Win32
		{3DF4941C-DEBA-4BF1-B048-9CC45DF7B625}.Release|ARM64.ActiveCfg = Release|Win32
		{3DF4941C-DEBA-4BF1-B048-9CC45DF7B625}.Release|x64.ActiveCfg = Release|x64
		{3DF4941C-DEBA-4BF1-B048-9CC45DF7B625}.Release|x64.Build.0 = Release|x64
		{3DF4941C-DEBA-4BF1-B048-9CC45DF7B625}.Release|x86.ActiveCfg = Release|Win32
		{3DF4941C-DEBA-4BF1-B048-9CC45DF7B625}.Release|x86.Build.0 = Release|Win32
		{D1222908-AA3C-4975-B2CD-316CA17AAB9A}.Debug|ARM.ActiveCfg = Debug|Win32
		{D1222908-AA3C-4975-B2CD-316CA17AAB9A}.Debug|ARM64.ActiveCfg = Debug|Win32
		{D1222908-AA3C-4975-B2CD-316CA17AAB9A}.Debug|x64.ActiveCfg = Debug|x64
		{D1222908-AA3C-4975-B2CD-316CA17AAB9A}.Debug|x64.Build.0 = Debug|x64
		{D1222908-AA3C-4975-B2CD-316CA17AAB9A}.Debug|x86.ActiveCfg = Debug|Win32
		{D1222908-AA3C-4975-B2CD-316CA17AAB9A}.Debug|x86.Build.0 = Debug|Win32
		{D1222908-AA3C-4975-B2CD-316CA17AAB9A}.Release|ARM.ActiveCfg = Release|Win32
		{D1222908-AA3C-4975-B2CD-316CA17AAB9A}.Release|ARM64.ActiveCfg = Release|Win32
		{D1222908-AA3C-4975-B2CD-316CA17AAB9A}.Release|x64.ActiveCfg = Release|x64
		{D1222908-AA3C-4975-B2CD-316CA17AAB9A}.Release|x64.Build.0 = Release|x64
		{D1222908-AA3C-4975-B2CD-316CA17AAB9A}.Release|x86.ActiveCfg = Release|Win32
		{D1222908-AA3C-4975-B2CD-316CA17AAB9A}.Release|x86.Build.0 = Release|Win32
		{927C803E-E494-4D60-861B-C72A91756131}.Debug|ARM.ActiveCfg = Debug|Win32
		{927C803E-E494-4D60-861B-C72A91756131}.Debug|ARM64.ActiveCfg = Debug|Win32
		{927C803E-E494-4D60-861B-C72A91756131}.Debug|x64.ActiveCfg = Debug|x64
		{927C803E-E494-4D60-861B-C72A91756131}.Debug|x64.Build.0 = Debug|x64
		{927C803E-E494-4D60-861B-C72A91756131}.Debug|x86.ActiveCfg = Debug|Win32
		{927C803E-E494-4D60-861B-C72A91756131}.Debug|x86.Build.0 = Debug|Win32
		{927C803E-E494-4D60-861B-C72A91756131}.Release|ARM.ActiveCfg = Release|Win32
		{927C803E-E494-4D60-861B-C72A91756131}.Release|ARM64.ActiveCfg = Release|Win32
		{927C803E-E494-4D60-861B-C72A91756131}.Release|x64.ActiveCfg = Release|x64
		{927C803E-E494-4D60-861B-C72A91756131}.Release|x64.Build.0 = Release|x64
		{927C803E-E494-4D60-861B-C72A91756131}.Release|x86.ActiveCfg = Release|Win32
		{927C803E-E494-4D60-861B-C72A91756131}.Release|x86.Build.0 = Release|Win32
		{EC359BA7-85BE-459C-B631-ABD9B1D92C41}.Debug|ARM.ActiveCfg = Debug|Win32
		{EC359BA7-85BE-459C-B631-ABD9B1D92C41}.Debug|ARM64.ActiveCfg = Debug|Win32
		{EC359BA7-85BE-459C-B631-ABD9B1D92C41}.Debug|x64.ActiveCfg = Debug|x64
		{EC359BA7-85BE-459C-B631-ABD9B1D92C41}.Debug|x64.Build.0 = Debug|x64
		{EC359BA7-85BE-459C-B631-ABD9B1D92C41}.Debug|x86.ActiveCfg = Debug|Win32
		{EC359BA7-85BE-459C-B631-ABD9B1D92C41}.Debug|x86.Build.0 = Debug|Win32
		{EC359BA7-85BE-459C-B631-ABD9B1D92C41}.Release|ARM.ActiveCfg = Release|Win32
		{EC359BA7-85BE-459C-B631-ABD9B1D92C41}.Release|ARM64.ActiveCfg = Release|Win32
		{EC359BA7-85BE-459C-B631-ABD9B1D92C41}.Release|x64.ActiveCfg = Release|x64
		{EC359BA7-85BE-459C-B631-ABD9B1D92C41}.Release|x64.Build.0 = Release|x64
		{EC359BA7-85BE-459C-B631-ABD9B1D92C41}.Release|x86.ActiveCfg = Release|Win32
		{EC359BA7-85BE-459C-B631-ABD9B1D92C41}.Release|x86.Build.0 = Release|Win32
		{8CCCDAE4-19F0-46FE-9D33-DB0F2E7190E2}.Debug|ARM.ActiveCfg = Debug|Win32
		{8CCCDAE4-19F0-46FE-9D33-DB0F2E7190E2}.Debug|ARM64.ActiveCfg = Debug|Win32
		{8CCCDAE4-19F0-46FE-9D33-DB0F2E7190E2}.Debug|x64.ActiveCfg = Debug|x64
		{8CCCDAE4-19F0-46FE-9D33-DB0F2E7190E2}.Debug|x64.Build.0 = Debug|x64
		{8CCCDAE4-19F0-46FE-9D33-DB0F2E7190E2}.Debug|x86.ActiveCfg = Debug|Win32
		{8CCCDAE4-19F0-46FE-9D33-DB0F2E7190E2}.Debug|x86.Build.0 = Debug|Win32
		{8CCCDAE4-19F0-46FE-9D33-DB0F2E7190E2}.Release|ARM.ActiveCfg = Release|Win32
		{8CCCDAE4-19F0-46FE-9D33-DB0F2E7190E2}.Release|ARM64.ActiveCfg = Release|Win32
		{8CCCDAE4-19F0-46FE-9D33-DB0F2E7190E2}.Release|x64.ActiveCfg = Release|x64
		{8CCCDAE4-19F0-46FE-9D33-DB0F2E7190E2}.Release|x64.Build.0 = Release|x64
		{8CCCDAE4-19F0-46FE-9D33-DB0F2E7190E2}.Release|x86.ActiveCfg = Release|Win32
		{8CCCDAE4-19F0-46FE-9D33-DB0F2E7190E2}.Release|x86.Build.0 = Release|Win32
		{DC025778-78C5-4BB1-BF94-57D73C9E9F81}.Debug|ARM.ActiveCfg = Debug|Win32
		{DC025778-78C5-4BB1-BF94-57D73C9E9F81}.Debug|ARM64.ActiveCfg = Debug|Win32
		{DC025778-78C5-4BB1-BF94-57D73C9E9F81}.Debug|x64.ActiveCfg = Debug|x64
		{DC025778-78C5-4BB1-BF94-57D73C9E9F81}.Debug|x64.Build.0 = Debug|x64
		{DC025778-78C5-4BB1-BF94-57D73C9E9F81}.Debug|x86.ActiveCfg = Debug|Win32
		{DC025778-78C5-4BB1-BF94-57D73C9E9F81}.Debug|x86.Build.0 = Debug|Win32
		{DC025778-78C5-4BB1-BF94-57D73C9E9F81}.Release|ARM.ActiveCfg = Release|Win32
		{DC025778-78C5-4BB1-BF94-57D73C9E9F81}.Release|ARM64.ActiveCfg = Release|Win32
		{DC025778-78C5-4BB1-BF94-57D73C9E9F81}.Release|x64.ActiveCfg = Release|x64
		{DC025778-78C5-4BB1-BF94-57D73C9E9F81}.Release|x64.Build.0 = Release|x64
		{DC025778-78C5-4BB1-BF94-57D73C9E9F81}.Release|x86.ActiveCfg = Release|Win32
		{DC025778-78C5-4BB1-BF94-57D73C9E9F81}.Release|x86.Build.0 = Release|Win32
		{253200A8-DDB7-4156-927D-A752A54EF236}.Debug|ARM.ActiveCfg = Debug|Win32
		{253200A8-DDB7-4156-927D-A752A54EF236}.Debug|ARM64.ActiveCfg = Debug|Win32
		{253200A8-DDB7-4156-927D-A752A54EF236}.Debug|x64.ActiveCfg = Debug|x64
		{253200A8-DDB7-4156-927D-A752A54EF236}.Debug|x64.Build.0 = Debug|x64
		{253200A8-DDB7-4156-927D-A752A54EF236}.Debug|x86.ActiveCfg = Debug|Win32
		{253200A8-DDB7-4156-927D-A752A54EF236}.Debug|x86.Build.0 = Debug|Win32
		{253200A8-DDB7-4156-927D-A752A54EF236}.Release|ARM.ActiveCfg = Release|Win32
		{253200A8-DDB7-4156-927D-A752A54EF236}.Release|ARM64.ActiveCfg = Release|Win32
		{253200A8-DDB7-4156-927D-A752A54EF236}.Release|x64.ActiveCfg = Release|x64
		{253200A8-DDB7-4156-927D-A752A54EF236}.Release|x64.Build.0 = Release|x64
		{253200A8-DDB7-4156-927D-A752A54EF236}.Release|x86.ActiveCfg = Release|Win32
		{253200A8-DDB7-4156-927D-A752A54EF236}.Release|x86.Build.0 = Release|Win32
		{C021932E-0F13-4D64-9A01-5B0B73AE09C3}.Debug|ARM.ActiveCfg = Debug|Win32
		{C021932E-0F13-4D64-9A01-5B0B73AE09C3}.Debug|ARM64.ActiveCfg = Debug|Win32
		{C021932E-0F13-4D64-9A01-5B0B73AE09C3}.Debug|x64.ActiveCfg = Debug|x64
		{C021932E-0F13-4D64-9A01-5B0B73AE09C3}.Debug|x64.Build.0 = Debug|x64
		{C021932E-0F13-4D64-9A01-5B0B73AE09C3}.Debug|x86.ActiveCfg = Debug|Win32
		{C021932E-0F13-4D64-9A01-5B0B73AE09C3}.Debug|x86.Build.0 = Debug|Win32
		{C021932E-0F13-4D64-9A01-5B0B73AE09C3}.Release|ARM.ActiveCfg = Release|Win32
		{C021932E-0F13-4D64-9A01-5B0B73AE09C3}.Release|ARM64.ActiveCfg = Release|Win32
		{C021932E-0F13-4D64-9A01-5B0B73AE09C3}.Release|x64.ActiveCfg = Release|x64
		{C021932E-0F13-4D64-9A01-5B0B73AE09C3}.Release|x64.Build.0 = Release|x64
		{C021932E-0F13-4D64-9A01-5B0B73AE09C3}.Release|x86.ActiveCfg = Release|Win32
		{C021932E-0F13-4D64-9A01-5B0B73AE09C3}.Release|x86.Build.0 = Release|Win32
		{C38C5D61-9D4B-4539-95B6-22C3F5974EBD}.Debug|ARM.ActiveCfg = Debug|Win32
		{C38C5D61-9D4B-4539-95B6-22C3F5974EBD}.Debug|ARM64.ActiveCfg = Debug|Win32
		{C38C5D61-9D4B-4539-95B6-22C3F5974EBD}.Debug|x64.ActiveCfg = Debug|x64
		{C38C5D61-9D4B-4539-95B6-22C3F5974EBD}.Debug|x64.Build.0 = Debug|x64
		{C38C5D61-9D4B-4539-95B6-22C3F5974EBD}.Debug|x86.ActiveCfg = Debug|Win32
		{C38C5D61-9D4B-4539-95B6-22C3F5974EBD}.Debug|x86.Build.0 = Debug|Win32
		{C38C5D61-9D4B-4539-95B6-22C3F5974EBD}.Release|ARM.ActiveCfg = Release|Win32
		{C38C5D61-9D4B-4539-95B6-22C3F5974EBD}.Release|ARM64.ActiveCfg = Release|Win32
		{C38C5D61-9D4B-4539-95B6-22C3F5974EBD}.Release|x64.ActiveCfg = Release|x64
		{C38C5D61-9D4B-4539-95B6-22C3F5974EBD}.Release|x64.Build.0 = Release|x64
		{C38C5D61-9D4B-4539-95B6-22C3F5974EBD}.Release|x86.ActiveCfg = Release|Win32
		{C38C5D61-9D4B-4539-95B6-22C3F5974EBD}.Release|x86.Build.0 = Release|Win32
		{37EAB50B-A743-4F40-A3B9-98CBECF074F0}.Debug|ARM.ActiveCfg = Debug|Win32
		{37EAB50B-A743-4F40-A3B9-98CBECF074F0}.Debug|ARM64.ActiveCfg = Debug|Win32
		{37EAB50B-A743-4F40-A3B9-98CBECF074F0}.Debug|x64.ActiveCfg = Debug|x64
		{37EAB50B-A743-4F40-A3B9-98CBECF074F0}.Debug|x64.Build.0 = Debug|x64
		{37EAB50B-A743-4F40-A3B9-98CBECF074F0}.Debug|x86.ActiveCfg = Debug|Win32
		{37EAB50B-A743-4F40-A3B9-98CBECF074F0}.Debug|x86.Build.0 = Debug|Win32
		{37EAB50B-A743-4F40-A3B9-98CBECF074F0}.Release|ARM.ActiveCfg = Release|Win32
		{37EAB50B-A743-4F40-A3B9-98CBECF074F0}.Release|ARM64.ActiveCfg = Release|Win32
		{37EAB50B-A743-4F40-A3B9-98CBECF074F0}.Release|x64.ActiveCfg = Release|x64
		{37EAB50B-A743-4F40-A3B9-98CBECF074F0}.Release|x64.Build.0 = Release|x64
		{37EAB50B-A743-4F40-A3B9-98CBECF074F0}.Release|x86.ActiveCfg = Release|Win32
		{37EAB50B-A743-4F40-A3B9-98CBECF074F0}.Release|x86.Build.0 = Release|Win32
		{C214AAE5-B897-4214-9FF0-ADDA40093795}.Debug|ARM.ActiveCfg = Debug|Win32
		{C214AAE5-B897-4214-9FF0-ADDA40093795}.Debug|ARM64.ActiveCfg = Debug|Win32
		{C214AAE5-B897-4214-9FF0-ADDA40093795}.Debug|x64.ActiveCfg = Debug|x64
		{C214AAE5-B897-4214-9FF0-ADDA40093795}.Debug|x64.Build.0 = Debug|x64
		{C214AAE5-B897-4214-9FF0-ADDA40093795}.Debug|x86.ActiveCfg = Debug|Win32
		{C214AAE5-B897-4214-9FF0-ADDA40093795}.Debug|x86.Build.0 = Debug|Win32
		{C214AAE5-B897-4214-9FF0-ADDA40093795}.Release|ARM.ActiveCfg = Release|Win32
		{C214AAE5-B897-4214-9FF0-ADDA40093795}.Release|ARM64.ActiveCfg = Release|Win32
		{C214AAE5-B897-4214-9FF0-ADDA40093795}.Release|x64.ActiveCfg = Release|x64
		{C214AAE5-B897-4214-9FF0-ADDA40093795}.Release|x64.Build.0 = Release|x64
		{C214AAE5-B897-4214-9FF0-ADDA40093795}.Release|x86.ActiveCfg = Release|Win32
		{C214AAE5-B897-4214-9FF0-ADDA40093795}.Release|x86.Build.0 = Release|Win32
		{47D11B0C-0E38-4604-A36B-6F11C832BA8C}.Debug|ARM.ActiveCfg = Debug|Win32
		{47D11B0C-0E38-4604-A36B-6F11C832BA8C}.Debug|ARM64.ActiveCfg = Debug|Win32
		{47D11B0C-0E38-4604-A36B-6F11C832BA8C}.Debug|x64.ActiveCfg = Debug|x64
		{47D11B0C-0E38-4604-A36B-6F11C832BA8C}.Debug|x64.Build.0 = Debug|x64
		{47D11B0C-0E38-4604-A36B-6F11C832BA8C}.Debug|x86.ActiveCfg = Debug|Win32
		{47D11B0C-0E38-4604-A36B-6F11C832BA8C}.Debug|x86.Build.0 = Debug|Win32
		{47D11B0C-0E38-4604-A36B-6F11C832BA8C}.Release|ARM.ActiveCfg = Release|Win32
		{47D11B0C-0E38-4604-A36B-6F11C832BA8C}.Release|ARM64.ActiveCfg = Release|Win32
		{47D11B0C-0E38-4604-A36B-6F11C832BA8C}.Release|x64.ActiveCfg = Release|x64
		{47D11B0C-0E38-4604-A36B-6F11C832BA8C}.Release|x64.Build.0 = Release|x64
		{47D11B0C-0E38-4604-A36B-6F11C832BA8C}.Release|x86.ActiveCfg = Release|Win32
		{47D11B0C-0E38-4604-A36B-6F11C832BA8C}.Release|x86.Build.0 = Release|Win32
		{CD834196-E0BF-4B88-A676-BF3578086CD7}.Debug|ARM.ActiveCfg = Debug|Win32
		{CD834196-E0BF-4B88-A676-BF3578086CD7}.Debug|ARM64.ActiveCfg = Debug|Win32
		{CD834196-E0BF-4B88-A676-BF3578086CD7}.Debug|x64.ActiveCfg = Debug|x64
		{CD834196-E0BF-4B88-A676-BF3578086CD7}.Debug|x64.Build.0 = Debug|x64
		{CD834196-E0BF-4B88-A676-BF3578086CD7}.Debug|x86.ActiveCfg = Debug|Win32
		{CD834196-E0BF-4B88-A676-BF3578086CD7}.Debug|x86.Build.0 = Debug|Win32
		{CD834196-E0BF-4B88-A676-BF3578086CD7}.Release|ARM.ActiveCfg = Release|Win32
		{CD834196-E0BF-4B88-A676-BF3578086CD7}.Release|ARM64.ActiveCfg = Release|Win32
		{CD834196-E0BF-4B88-A676-BF3578086CD7}.Release|x64.ActiveCfg = Release|x64
		{CD834196-E0BF-4B88-A676-BF3578086CD7}.Release|x64.Build.0 = Release|x64
		{CD834196-E0BF-4B88-A676-BF3578086CD7}.Release|x86.ActiveCfg = Release|Win32
		{CD834196-E0BF-4B88-A676-BF3578086CD7}.Release|x86.Build.0 = Release|Win32
		{5FC70ACA-56F6-4D26-8E9A-0EE62AD8631F}.Debug|ARM.ActiveCfg = Debug|Win32
		{5FC70ACA-56F6-4D26-8E9A-0EE62AD8631F}.Debug|ARM64.ActiveCfg = Debug|Win32
		{5FC70ACA-56F6-4D26-8E9A-0EE62AD8631F}.Debug|x64.ActiveCfg = Debug|x64
		{5FC70ACA-56F6-4D26-8E9A-0EE62AD8631F}.Debug|x64.Build.0 = Debug|x64
		{5FC70ACA-56F6-4D26-8E9A-0EE62AD8631F}.Debug|x86.ActiveCfg = Debug|Win32
		{5FC70ACA-56F6-4D26-8E9A-0EE62AD8631F}.Debug|x86.Build.0 = Debug|Win32
		{5FC70ACA-56F6-4D26-8E9A-0EE62AD8631F}.Release|ARM.ActiveCfg = Release|Win32
		{5FC70ACA-56F6-4D26-8E9A-0EE62AD8631F}.Release|ARM64.ActiveCfg = Release|Win32
		{5FC70ACA-56F6-4D26-8E9A-0EE62AD8631F}.Release|x64.ActiveCfg = Release|x64
		{5FC70ACA-56F6-4D26-8E9A-0EE62AD8631F}.Release|x64.Build.0 = Release|x64
		{5FC70ACA-56F6-4D26-8E9A-0EE62AD8631F}.Release|x86.ActiveCfg = Release|Win32
		{5FC70ACA-56F6-4D26-8E9A-0EE62AD8631F}.Release|x86.Build.0 = Release|Win32
		{924FFF64-A27C-44F9-BF02-BFF022D9ACEC}.Debug|ARM.ActiveCfg = Debug|Win32
		{924FFF64-A27C-44F9-BF02-BFF022D9ACEC}.Debug|ARM64.ActiveCfg = Debug|Win32
		{924FFF64-A27C-44F9-BF02-BFF022D9ACEC}.Debug|x64.ActiveCfg = Debug|x64
		{924FFF64-A27C-44F9-BF02-BFF022D9ACEC}.Debug|x64.Build.0 = Debug|x64
		{924FFF64-A27C-44F9-BF02-BFF022D9ACEC}.Debug|x86.ActiveCfg = Debug|Win32
		{924FFF64-A27C-44F9-BF02-BFF022D9ACEC}.Debug|x86.Build.0 = Debug|Win32
		{924FFF64-A27C-44F9-BF02-BFF022D9ACEC}.Release|ARM.ActiveCfg = Release|Win32
		{924FFF64-A27C-44F9-BF02-BFF022D9ACEC}.Release|ARM64.ActiveCfg = Release|Win32
		{924FFF64-A27C-44F9-BF02-BFF022D9ACEC}.Release|x64.ActiveCfg = Release|x64
		{924FFF64-A27C-44F9-BF02-BFF022D9ACEC}.Release|x64.Build.0 = Release|x64
		{924FFF64-A27C-44F9-BF02-BFF022D9ACEC}.Release|x86.ActiveCfg = Release|Win32
		{924FFF64-A27C-44F9-BF02-BFF022D9ACEC}.Release|x86.Build.0 = Release|Win32
		{2087B161-A51F-4B15-B64E-3ADAE037FC74}.Debug|ARM.ActiveCfg = Debug|Win32
		{2087B161-A51F-4B15-B64E-3ADAE037FC74}.Debug|ARM64.ActiveCfg = Debug|Win32
		{2087B161-A51F-4B15-B64E-3ADAE037FC74}.Debug|x64.ActiveCfg = Debug|x64
		{2087B161-A51F-4B15-B64E-3ADAE037FC74}.Debug|x64.Build.0 = Debug|x64
		{2087B161-A51F-4B15-B64E-3ADAE037FC74}.Debug|x86.ActiveCfg = Debug|Win32
		{2087B161-A51F-4B15-B64E-3ADAE037FC74}.Debug|x86.Build.0 = Debug|Win32
		{2087B161-A51F-4B15-B64E-3ADAE037FC74}.Release|ARM.ActiveCfg = Release|Win32
		{2087B161-A51F-4B15-B64E-3ADAE037FC74}.Release|ARM64.ActiveCfg = Release|Win32
		{2087B161-A51F-4B15-B64E-3ADAE037FC74}.Release|x64.ActiveCfg = Release|x64
		{2087B161-A51F-4B15-B64E-3ADAE037FC74}.Release|x64.Build.0 = Release|x64
		{2087B161-A51F-4B15-B64E-3ADAE037FC74}.Release|x86.ActiveCfg = Release|Win32
		{2087B161-A51F-4B15-B64E-3ADAE037FC74}.Release|x86.Build.0 = Release|Win32
		{33A57040-EA10-433C-8462-FE48E00BBBE8}.Debug|ARM.ActiveCfg = Debug|Win32
		{33A57040-EA10-433C-8462-FE48E00BBBE8}.Debug|ARM64.ActiveCfg = Debug|Win32
		{33A57040-EA10-433C-8462-FE48E00BBBE8}.Debug|x64.ActiveCfg = Debug|x64
		{33A57040-EA10-433C-8462-FE48E00BBBE8}.Debug|x64.Build.0 = Debug|x64
		{33A57040-EA10-433C-8462-FE48E00BBBE8}.Debug|x86.ActiveCfg = Debug|Win32
		{33A57040-EA10-433C-8462-FE48E00BBBE8}.Debug|x86.Build.0 = Debug|Win32
		{33A57040-EA10-433C-8462-FE48E00BBBE8}.Release|ARM.ActiveCfg = Release|Win32
		{33A57040-EA10-433C-8462-FE48E00BBBE8}.Release|ARM64.ActiveCfg = Release|Win32
		{33A57040-EA10-433C-8462-FE48E00BBBE8}.Release|x64.ActiveCfg = Release|x64
		{33A57040-EA10-433C-8462-FE48E00BBBE8}.Release|x64.Build.0 = Release|x64
		{33A57040-EA10-433C-8462-FE48E00BBBE8}.Release|x86.ActiveCfg = Release|Win32
		{33A57040-EA10-433C-8462-FE48E00BBBE8}.Release|x86.Build.0 = Release|Win32
		{6E26117B-9172-47C1-9394-371358DA294F}.Debug|ARM.ActiveCfg = Debug|Win32
		{6E26117B-9172-47C1-9394-371358DA294F}.Debug|ARM64.ActiveCfg = Debug|Win32
		{6E26117B-9172-47C1-9394-371358DA294F}.Debug|x64.ActiveCfg = Debug|x64
		{6E26117B-9172-47C1-9394-371358DA294F}.Debug|x64.Build.0 = Debug|x64
		{6E26117B-9172-47C1-9394-371358DA294F}.Debug|x86.ActiveCfg = Debug|Win32
		{6E26117B-9172-47C1-9394-371358DA294F}.Debug|x86.Build.0 = Debug|Win32
		{6E26117B-9172-47C1-9394-371358DA294F}.Release|ARM.ActiveCfg = Release|Win32
		{6E26117B-9172-47C1-9394-371358DA294F}.Release|ARM64.ActiveCfg = Release|Win32
		{6E26117B-9172-47C1-9394-371358DA294F}.Release|x64.ActiveCfg = Release|x64
		{6E26117B-9172-47C1-9394-371358DA294F}.Release|x64.Build.0 = Release|x64
		{6E26117B-9172-47C1-9394-371358DA294F}.Release|x86.ActiveCfg = Release|Win32
		{6E26117B-9172-47C1-9394-371358DA294F}.Release|x86.Build.0 = Release|Win32
		{082C7AB5-AC77-408B-A866-05BC9D7CB443}.Debug|ARM.ActiveCfg = Debug|Win32
		{082C7AB5-AC77-408B-A866-05BC9D7CB443}.Debug|ARM64.ActiveCfg = Debug|Win32
		{082C7AB5-AC77-408B-A866-05BC9D7CB443}.Debug|x64.ActiveCfg = Debug|x64
		{082C7AB5-AC77-408B-A866-05BC9D7CB443}.Debug|x64.Build.0 = Debug|x64
		{082C7AB5-AC77-408B-A866-05BC9D7CB443}.Debug|x86.ActiveCfg = Debug|Win32
		{082C7AB5-AC77-408B-A866-05BC9D7CB443}.Debug|x86.Build.0 = Debug|Win32
		{082C7AB5-AC77-408B-A866-05BC9D7CB443}.Release|ARM.ActiveCfg = Release|Win32
		{082C7AB5-AC77-408B-A866-05BC9D7CB443}.Release|ARM64.ActiveCfg = Release|Win32
		{082C7AB5-AC77-408B-A866-05BC9D7CB443}.Release|x64.ActiveCfg = Release|x64
		{082C7AB5-AC77-408B-A866-05BC9D7CB443}.Release|x64.Build.0 = Release|x64
		{082C7AB5-AC77-408B-A866-05BC9D7CB443}.Release|x86.ActiveCfg = Release|Win32
		{082C7AB5-AC77-408B-A866-05BC9D7CB443}.Release|x86.Build.0 = Release|Win32
		{4CB48711-9DFC-48ED-8EE5-8D2EFEC152D7}.Debug|ARM.ActiveCfg = Debug|Win32
		{4CB48711-9DFC-48ED-8EE5-8D2EFEC152D7}.Debug|ARM64.ActiveCfg = Debug|Win32
		{4CB48711-9DFC-48ED-8EE5-8D2EFEC152D7}.Debug|x64.ActiveCfg = Debug|x64
		{4CB48711-9DFC-48ED-8EE5-8D2EFEC152D7}.Debug|x64.Build.0 = Debug|x64
		{4CB48711-9DFC-48ED-8EE5-8D2EFEC152D7}.Debug|x86.ActiveCfg = Debug|Win32
		{4CB48711-9DFC-48ED-8EE5-8D2EFEC152D7}.Debug|x86.Build.0 = Debug|Win32
		{4CB48711-9DFC-48ED-8EE5-8D2EFEC152D7}.Release|ARM.ActiveCfg = Release|Win32
		{4CB48711-9DFC-48ED-8EE5-8D2EFEC152D7}.Release|ARM64.ActiveCfg = Release|Win32
		{4CB48711-9DFC-48ED-8EE5-8D2EFEC152D7}.Release|x64.ActiveCfg = Release|x64
		{4CB48711-9DFC-48ED-8EE5-8D2EFEC152D7}.Release|x64.Build.0 = Release|x64
		{4CB48711-9DFC-48ED-8EE5-8D2EFEC152D7}.Release|x86.ActiveCfg = Release|Win32
		{4CB48711-9DFC-48ED-8EE5-8D2EFEC152D7}.Release|x86.Build.0 = Release|Win32
		{83464325-D2CE-4121-8A59-53EAC191E602}.Debug|ARM.ActiveCfg = Debug|Win32
		{83464325-D2CE-4121-8A59-53EAC191E602}.Debug|ARM64.ActiveCfg = Debug|Win32
		{83464325-D2CE-4121-8A59-53EAC191E602}.Debug|x64.ActiveCfg = Debug|x64
		{83464325-D2CE-4121-8A59-53EAC191E602}.Debug|x64.Build.0 = Debug|x64
		{83464325-D2CE-4121-8A59-53EAC191E602}.Debug|x86.ActiveCfg = Debug|Win32
		{83464325-D2CE-4121-8A59-53EAC191E602}.Debug|x86.Build.0 = Debug|Win32
		{83464325-D2CE-4121-8A59-53EAC191E602}.Release|ARM.ActiveCfg = Release|Win32
		{83464325-D2CE-4121-8A59-53EAC191E602}.Release|ARM64.ActiveCfg = Release|Win32
		{83464325-D2CE-4121-8A59-53EAC191E602}.Release|x64.ActiveCfg = Release|x64
		{83464325-D2CE-4121-8A59-53EAC191E602}.Release|x64.Build.0 = Release|x64
		{83464325-D2CE-4121-8A59-53EAC191E602}.Release|x86.ActiveCfg = Release|Win32
		{83464325-D2CE-4121-8A59-53EAC191E602}.Release|x86.Build.0 = Release|Win32
		{EC9E5BB6-4A87-41A2-883A-C36DE8C44D66}.Debug|ARM.ActiveCfg = Debug|Win32
		{EC9E5BB6-4A87-41A2-883A-C36DE8C44D66}.Debug|ARM64.ActiveCfg = Debug|Win32
		{EC9E5BB6-4A87-41A2-883A-C36DE8C44D66}.Debug|x64.ActiveCfg = Debug|x64
		{EC9E5BB6-4A87-41A2-883A-C36DE8C44D66}.Debug|x64.Build.0 = Debug|x64
		{EC9E5BB6-4A87-41A2-883A-C36DE8C44D66}.Debug|x86.ActiveCfg = Debug|Win32
		{EC9E5BB6-4A87-41A2-883A-C36DE8C44D66}.Debug|x86.Build.0 = Debug|Win32
		{EC9E5BB6-4A87-41A2-883A-C36DE8C44D66}.Release|ARM.ActiveCfg = Release|Win32
		{EC9E5BB6-4A87-41A2-883A-C36DE8C44D66}.Release|ARM64.ActiveCfg = Release|Win32
		{EC9E5BB6-4A87-41A2-883A-C36DE8C44D66}.Release|x64.ActiveCfg = Release|x64
		{EC9E5BB6-4A87-41A2-883A-C36DE8C44D66}.Release|x64.Build.0 = Release|x64
		{EC9E5BB6-4A87-41A2-883A-C36DE8C44D66}.Release|x86.ActiveCfg = Release|Win32
		{EC9E5BB6-4A87-41A2-883A-C36DE8C44D66}.Release|x86.Build.0 = Release|Win32
		{08B13B72-151F-4161-A7D4-CDE05C6241AB}.Debug|ARM.ActiveCfg = Debug|Win32
		{08B13B72-151F-4161-A7D4-CDE05C6241AB}.Debug|ARM64.ActiveCfg = Debug|Win32
		{08B13B72-151F-4161-A7D4-CDE05C6241AB}.Debug|x64.ActiveCfg = Debug|x64
		{08B13B72-151F-4161-A7D4-CDE05C6241AB}.Debug|x64.Build.0 = Debug|x64
		{08B13B72-151F-4161-A7D4-CDE05C6241AB}.Debug|x86.ActiveCfg = Debug|Win32
		{08B13B72-151F-4161-A7D4-CDE05C6241AB}.Debug|x86.Build.0 = Debug|Win32
		{08B13B72-151F-4161-A7D4-CDE05C6241AB}.Release|ARM.ActiveCfg = Release|Win32
		{08B13B72-151F-4161-A7D4-CDE05C6241AB}.Release|ARM64.ActiveCfg = Release|Win32
		{08B13B72-151F-4161-A7D4-CDE05C6241AB}.Release|x64.ActiveCfg = Release|x64
		{08B13B72-151F-4161-A7D4-CDE05C6241AB}.Release|x64.Build.0 = Release|x64
		{08B13B72-151F-4161-A7D4-CDE05C6241AB}.Release|x86.ActiveCfg = Release|Win32
		{08B13B72-151F-4161-A7D4-CDE05C6241AB}.Release|x86.Build.0 = Release|Win32
		{DFED0906-3C5D-4343-B5C7-D170C140EEE7}.Debug|ARM.ActiveCfg = Debug|Win32
		{DFED0906-3C5D-4343-B5C7-D170C140EEE7}.Debug|ARM64.ActiveCfg = Debug|Win32
		{DFED0906-3C5D-4343-B5C7-D170C140EEE7}.Debug|x64.ActiveCfg = Debug|x64
		{DFED0906-3C5D-4343-B5C7-D170C140EEE7}.Debug|x64.Build.0 = Debug|x64
		{DFED0906-3C5D-4343-B5C7-D170C140EEE7}.Debug|x86.ActiveCfg = Debug|Win32
		{DFED0906-3C5D-4343-B5C7-D170C140EEE7}.Debug|x86.Build.0 = Debug|Win32
		{DFED0906-3C5D-4343-B5C7-D170C140EEE7}.Release|ARM.ActiveCfg = Release|Win32
		{DFED0906-3C5D-4343-B5C7-D170C140EEE7}.Release|ARM64.ActiveCfg = Release|Win32
		{DFED0906-3C5D-4343-B5C7-D170C140EEE7}.Release|x64.ActiveCfg = Release|x64
		{DFED0906-3C5D-4343-B5C7-D170C140EEE7}.Release|x64.Build.0 = Release|x64
		{DFED0906-3C5D-4343-B5C7-D170C140EEE7}.Release|x86.ActiveCfg = Release|Win32
		{DFED0906-3C5D-4343-B5C7-D170C140EEE7}.Release|x86.Build.0 = Release|Win32
		{85F87A4F-BD94-48AE-962A-A8DD0C545063}.Debug|ARM.ActiveCfg = Debug|Win32
		{85F87A4F-BD94-48AE-962A-A8DD0C545063}.Debug|ARM64.ActiveCfg = Debug|Win32
		{85F87A4F-BD94-48AE-962A-A8DD0C545063}.Debug|x64.ActiveCfg = Debug|x64
		{85F87A4F-BD94-48AE-962A-A8DD0C545063}.Debug|x64.Build.0 = Debug|x64
		{85F87A4F-BD94-48AE-962A-A8DD0C545063}.Debug|x86.ActiveCfg = Debug|Win32
		{85F87A4F-BD94-48AE-962A-A8DD0C545063}.Debug|x86.Build.0 = Debug|Win32
		{85F87A4F-BD94-48AE-962A-A8DD0C545063}.Release|ARM.ActiveCfg = Release|Win32
		{85F87A4F-BD94-48AE-962A-A8DD0C545063}.Release|ARM64.ActiveCfg = Release|Win32
		{85F87A4F-BD94-48AE-962A-A8DD0C545063}.Release|x64.ActiveCfg = Release|x64
		{85F87A4F-BD94-48AE-962A-A8DD0C545063}.Release|x64.Build.0 = Release|x64
		{85F87A4F-BD94-48AE-962A-A8DD0C545063}.Release|x86.ActiveCfg = Release|Win32
		{85F87A4F-BD94-48AE-962A-A8DD0C545063}.Release|x86.Build.0 = Release|Win32
		{5C7D75B2-7808-4F40-B4D0-00B7DD9DB103}.Debug|ARM.ActiveCfg = Debug|Win32
		{5C7D75B2-7808-4F40-B4D0-00B7DD9DB103}.Debug|ARM64.ActiveCfg = Debug|Win32
		{5C7D75B2-7808-4F40-B4D0-00B7DD9DB103}.Debug|x64.ActiveCfg = Debug|x64
		{5C7D75B2-7808-4F40-B4D0-00B7DD9DB103}.Debug|x64.Build.0 = Debug|x64
		{5C7D75B2-7808-4F40-B4D0-00B7DD9DB103}.Debug|x86.ActiveCfg = Debug|Win32
		{5C7D75B2-7808-4F40-B4D0-00B7DD9DB103}.Debug|x86.Build.0 = Debug|Win32
		{5C7D75B2-7808-4F40-B4D0-00B7DD9DB103}.Release|ARM.ActiveCfg = Release|Win32
		{5C7D75B2-7808-4F40-B4D0-00B7DD9DB103}.Release|ARM64.ActiveCfg = Release|Win32
		{5C7D75B2-7808-4F40-B4D0-00B7DD9DB103}.Release|x64.ActiveCfg = Release|x64
		{5C7D75B2-7808-4F40-B4D0-00B7DD9DB103}.Release|x64.Build.0 = Release|x64
		{5C7D75B2-7808-4F40-B4D0-00B7DD9DB103}.Release|x86.ActiveCfg = Release|Win32
		{5C7D75B2-7808-4F40-B4D0-00B7DD9DB103}.Release|x86.Build.0 = Release|Win32
		{81FFC865-8413-4E11-9364-09C2E890493C}.Debug|ARM.ActiveCfg = Debug|Win32
		{81FFC865-8413-4E11-9364-09C2E890493C}.Debug|ARM64.ActiveCfg = Debug|Win32
		{81FFC865-8413-4E11-9364-09C2E890493C}.Debug|x64.ActiveCfg = Debug|x64
		{81FFC865-8413-4E11-9364-09C2E890493C}.Debug|x64.Build.0 = Debug|x64
		{81FFC865-8413-4E11-9364-09C2E890493C}.Debug|x86.ActiveCfg = Debug|Win32
		{81FFC865-8413-4E11-9364-09C2E890493C}.Debug|x86.Build.0 = Debug|Win32
		{81FFC865-8413-4E11-9364-09C2E890493C}.Release|ARM.ActiveCfg = Release|Win32
		{81FFC865-8413-4E11-9364-09C2E890493C}.Release|ARM64.ActiveCfg = Release|Win32
		{81FFC865-8413-4E11-9364-09C2E890493C}.Release|x64.ActiveCfg = Release|x64
		{81FFC865-8413-4E11-9364-09C2E890493C}.Release|x64.Build.0 = Release|x64
		{81FFC865-8413-4E11-9364-09C2E890493C}.Release|x86.ActiveCfg = Release|Win32
		{81FFC865-8413-4E11-9364-09C2E890493C}.Release|x86.Build.0 = Release|Win32
		{EC74F67F-050B-44D1-9EA4-044241A28EB2}.Debug|ARM.ActiveCfg = Debug|Win32
		{EC74F67F-050B-44D1-9EA4-044241A28EB2}.Debug|ARM64.ActiveCfg = Debug|Win32
		{EC74F67F-050B-44D1-9EA4-044241A28EB2}.Debug|x64.ActiveCfg = Debug|x64
		{EC74F67F-050B-44D1-9EA4-044241A28EB2}.Debug|x64.Build.0 = Debug|x64
		{EC74F67F-050B-44D1-9EA4-044241A28EB2}.Debug|x86.ActiveCfg = Debug|Win32
		{EC74F67F-050B-44D1-9EA4-044241A28EB2}.Debug|x86.Build.0 = Debug|Win32
		{EC74F67F-050B-44D1-9EA4-044241A28EB2}.Release|ARM.ActiveCfg = Release|Win32
		{EC74F67F-050B-44D1-9EA4-044241A28EB2}.Release|ARM64.ActiveCfg = Release|Win32
		{EC74F67F-050B-44D1-9EA4-044241A28EB2}.Release|x64.ActiveCfg = Release|x64
		{EC74F67F-050B-44D1-9EA4-044241A28EB2}.Release|x64.Build.0 = Release|x64
		{EC74F67F-050B-44D1-9EA4-044241A28EB2}.Release|x86.ActiveCfg = Release|Win32
		{EC74F67F-050B-44D1-9EA4-044241A28EB2}.Release|x86.Build.0 = Release|Win32
		{5DA6E981-992C-460E-8D52-E0019CAEF16C}.Debug|ARM.ActiveCfg = Debug|Win32
		{5DA6E981-992C-460E-8D52-E0019CAEF16C}.Debug|ARM64.ActiveCfg = Debug|Win32
		{5DA6E981-992C-460E-8D52-E0019CAEF16C}.Debug|x64.ActiveCfg = Debug|x64
		{5DA6E981-992C-460E-8D52-E0019CAEF16C}.Debug|x64.Build.0 = Debug|x64
		{5DA6E981-992C-460E-8D52-E0019CAEF16C}.Debug|x86.ActiveCfg = Debug|Win32
		{5DA6E981-992C-460E-8D52-E0019CAEF16C}.Debug|x86.Build.0 = Debug|Win32
		{5DA6E981-992C-460E-8D52-E0019CAEF16C}.Release|ARM.ActiveCfg = Release|Win32
		{5DA6E981-992C-460E-8D52-E0019CAEF16C}.Release|ARM64.ActiveCfg = Release|Win32
		{5DA6E981-992C-460E-8D52-E0019CAEF16C}.Release|x64.ActiveCfg = Release|x64
		{5DA6E981-992C-460E-8D52-E0019CAEF16C}.Release|x64.Build.0 = Release|x64
		{5DA6E981-992C-460E-8D52-E0019CAEF16C}.Release|x86.ActiveCfg = Release|Win32
		{5DA6E981-992C-460E-8D52-E0019CAEF16C}.Release|x86.Build.0 = Release|Win32
		{795C1AB3-60C8-4C01-82C5-977E03C5A136}.Debug|ARM.ActiveCfg = Debug|Win32
		{795C1AB3-60C8-4C01-82C5-977E03C5A136}.Debug|ARM64.ActiveCfg = Debug|Win32
		{795C1AB3-60C8-4C01-82C5-977E03C5A136}.Debug|x64.ActiveCfg = Debug|x64
		{795C1AB3-60C8-4C01-82C5-977E03C5A136}.Debug|x64.Build.0 = Debug|x64
		{795C1AB3-60C8-4C01-82C5-977E03C5A136}.Debug|x86.ActiveCfg = Debug|Win32
		{795C1AB3-60C8-4C01-82C5-977E03C5A136}.Debug|x86.Build.0 = Debug|Win32
		{795C1AB3-60C8-4C01-82C5-977E03C5A136}.Release|ARM.ActiveCfg = Release|Win32
		{795C1AB3-60C8-4C01-82C5-977E03C5A136}.Release|ARM64.ActiveCfg = Release|Win32
		{795C1AB3-60C8-4C01-82C5-977E03C5A136}.Release|x64.ActiveCfg = Release|x64
		{795C1AB3-60C8-4C01-82C5-977E03C5A136}.Release|x64.Build.0 = Release|x64
		{795C1AB3-60C8-4C01-82C5-977E03C5A136}.Release|x86.ActiveCfg = Release|Win32
		{795C1AB3-60C8-4C01-82C5-977E03C5A136}.Release|x86.Build.0 = Release|Win32
		{0C22BFCC-F81E-4F03-84FB-9D51B610669B}.Debug|ARM.ActiveCfg = Debug|Win32
		{0C22BFCC-F81E-4F03-84FB-9D51B610669B}.Debug|ARM64.ActiveCfg = Debug|Win32
		{0C22BFCC-F81E-4F03-84FB-9D51B610669B}.Debug|x64.ActiveCfg = Debug|x64
		{0C22BFCC-F81E-4F03-84FB-9D51B610669B}.Debug|x64.Build.0 = Debug|x64
		{0C22BFCC-F81E-4F03-84FB-9D51B610669B}.Debug|x86.ActiveCfg = Debug|Win32
		{0C22BFCC-F81E-4F03-84FB-9D51B610669B}.Debug|x86.Build.0 = Debug|Win32
		{0C22BFCC-F81E-4F03-84FB-9D51B610669B}.Release|ARM.ActiveCfg = Release|Win32
		{0C22BFCC-F81E-4F03-84FB-9D51B610669B}.Release|ARM64.ActiveCfg = Release|Win32
		{0C22BFCC-F81E-4F03-84FB-9D51B610669B}.Release|x64.ActiveCfg = Release|x64
		{0C22BFCC-F81E-4F03-84FB-9D51B610669B}.Release|x64.Build.0 = Release|x64
		{0C22BFCC-F81E-4F03-84FB-9D51B610669B}.Release|x86.ActiveCfg = Release|Win32
		{0C22BFCC-F81E-4F03-84FB-9D51B610669B}.Release|x86.Build.0 = Release|Win32
		{D44489DB-F853-40BA-B4A3-843148AD9470}.Debug|ARM.ActiveCfg = Debug|Win32
		{D44489DB-F853-40BA-B4A3-843148AD9470}.Debug|ARM64.ActiveCfg = Debug|Win32
		{D44489DB-F853-40BA-B4A3-843148AD9470}.Debug|x64.ActiveCfg = Debug|x64
		{D44489DB-F853-40BA-B4A3-843148AD9470}.Debug|x64.Build.0 = Debug|x64
		{D44489DB-F853-40BA-B4A3-843148AD9470}.Debug|x86.ActiveCfg = Debug|Win32
		{D44489DB-F853-40BA-B4A3-843148AD9470}.Debug|x86.Build.0 = Debug|Win32
		{D44489DB-F853-40BA-B4A3-843148AD9470}.Release|ARM.ActiveCfg = Release|Win32
		{D44489DB-F853-40BA-B4A3-843148AD9470}.Release|ARM64.ActiveCfg = Release|Win32
		{D44489DB-F853-40BA-B4A3-843148AD9470}.Release|x64.ActiveCfg = Release|x64
		{D44489DB-F853-40BA-B4A3-843148AD9470}.Release|x64.Build.0 = Release|x64
		{D44489DB-F853-40BA-B4A3-843148AD9470}.Release|x86.ActiveCfg = Release|Win32
		{D44489DB-F853-40BA-B4A3-843148AD9470}.Release|x86.Build.0 = Release|Win32
		{5A80F0DF-7D5B-42A3-8E81-787C3C0E4DFB}.Debug|ARM.ActiveCfg = Debug|Win32
		{5A80F0DF-7D5B-42A3-8E81-787C3C0E4DFB}.Debug|ARM64.ActiveCfg = Debug|Win32
		{5A80F0DF-7D5B-42A3-8E81-787C3C0E4DFB}.Debug|x64.ActiveCfg = Debug|x64
		{5A80F0DF-7D5B-42A3-8E81-787C3C0E4DFB}.Debug|x64.Build.0 = Debug|x64
		{5A80F0DF-7D5B-42A3-8E81-787C3C0E4DFB}.Debug|x86.ActiveCfg = Debug|Win32
		{5A80F0DF-7D5B-42A3-8E81-787C3C0E4DFB}.Debug|x86.Build.0 = Debug|Win32
		{5A80F0DF-7D5B-42A3-8E81-787C3C0E4DFB}.Release|ARM.ActiveCfg = Release|Win32
		{5A80F0DF-7D5B-42A3-8E81-787C3C0E4DFB}.Release|ARM64.ActiveCfg = Release|Win32
		{5A80F0DF-7D5B-42A3-8E81-787C3C0E4DFB}.Release|x64.ActiveCfg = Release|x64
		{5A80F0DF-7D5B-42A3-8E81-787C3C0E4DFB}.Release|x64.Build.0 = Release|x64
		{5A80F0DF-7D5B-42A3-8E81-787C3C0E4DFB}.Release|x86.ActiveCfg = Release|Win32
		{5A80F0DF-7D5B-42A3-8E81-787C3C0E4DFB}.Release|x86.Build.0 = Release|Win32
		{8A3432CF-4298-4E42-8374-D08ED74D3AA6}.Debug|ARM.ActiveCfg = Debug|Win32
		{8A3432CF-4298-4E42-8374-D08ED74D3AA6}.Debug|ARM64.ActiveCfg = Debug|Win32
		{8A3432CF-4298-4E42-8374-D08ED74D3AA6}.Debug|x64.ActiveCfg = Debug|x64
		{8A3432CF-4298-4E42-8374-D08ED74D3AA6}.Debug|x64.Build.0 = Debug|x64
		{8A3432CF-4298-4E42-8374-D08ED74D3AA6}.Debug|x86.ActiveCfg = Debug|Win32
		{8A3432CF-4298-4E42-8374-D08ED74D3AA6}.Debug|x86.Build.0 = Debug|Win32
		{8A3432CF-4298-4E42-8374-D08ED74D3AA6}.Release|ARM.ActiveCfg = Release|Win32
		{8A3432CF-4298-4E42-8374-D08ED74D3AA6}.Release|ARM64.ActiveCfg = Release|Win32
		{8A3432CF-4298-4E42-8374-D08ED74D3AA6}.Release|x64.ActiveCfg = Release|x64
		{8A3432CF-4298-4E42-8374-D08ED74D3AA6}.Release|x64.Build.0 = Release|x64
		{8A3432CF-4298-4E42-8374-D08ED74D3AA6}.Release|x86.ActiveCfg = Release|Win32
		{8A3432CF-4298-4E42-8374-D08ED74D3AA6}.Release|x86.Build.0 = Release|Win32
		{8B5A03EA-4602-47C6-9D0E-67CCAF4C47D9}.Debug|ARM.ActiveCfg = Debug|Win32
		{8B5A03EA-4602-47C6-9D0E-67CCAF4C47D9}.Debug|ARM64.ActiveCfg = Debug|Win32
		{8B5A03EA-4602-47C6-9D0E-67CCAF4C47D9}.Debug|x64.ActiveCfg = Debug|x64
		{8B5A03EA-4602-47C6-9D0E-67CCAF4C47D9}.Debug|x64.Build.0 = Debug|x64
		{8B5A03EA-4602-47C6-9D0E-67CCAF4C47D9}.Debug|x86.ActiveCfg = Debug|Win32
		{8B5A03EA-4602-47C6-9D0E-67CCAF4C47D9}.Debug|x86.Build.0 = Debug|Win32
		{8B5A03EA-4602-47C6-9D0E-67CCAF4C47D9}.Release|ARM.ActiveCfg = Release|Win32
		{8B5A03EA-4602-47C6-9D0E-67CCAF4C47D9}.Release|ARM64.ActiveCfg = Release|Win32
		{8B5A03EA-4602-47C6-9D0E-67CCAF4C47D9}.Release|x64.ActiveCfg = Release|x64
		{8B5A03EA-4602-47C6-9D0E-67CCAF4C47D9}.Release|x64.Build.0 = Release|x64
		{8B5A03EA-4602-47C6-9D0E-67CCAF4C47D9}.Release|x86.ActiveCfg = Release|Win32
		{8B5A03EA-4602-47C6-9D0E-67CCAF4C47D9}.Release|x86.Build.0 = Release|Win32
		{E51EF63D-B40E-4BEC-B15E-C45EAB33FDEF}.Debug|ARM.ActiveCfg = Debug|Win32
		{E51EF63D-B40E-4BEC-B15E-C45EAB33FDEF}.Debug|ARM64.ActiveCfg = Debug|Win32
		{E51EF63D-B40E-4BEC-B15E-C45EAB33FDEF}.Debug|x64.ActiveCfg = Debug|x64
		{E51EF63D-B40E-4BEC-B15E-C45EAB33FDEF}.Debug|x64.Build.0 = Debug|x64
		{E51EF63D-B40E-4BEC-B15E-C45EAB33FDEF}.Debug|x86.ActiveCfg = Debug|Win32
		{E51EF63D-B40E-4BEC-B15E-C45EAB33FDEF}.Debug|x86.Build.0 = Debug|Win32
		{E51EF63D-B40E-4BEC-B15E-C45EAB33FDEF}.Release|ARM.ActiveCfg = Release|Win32
		{E51EF63D-B40E-4BEC-B15E-C45EAB33FDEF}.Release|ARM64.ActiveCfg = Release|Win32
		{E51EF63D-B40E-4BEC-B15E-C45EAB33FDEF}.Release|x64.ActiveCfg = Release|x64
		{E51EF63D-B40E-4BEC-B15E-C45EAB33FDEF}.Release|x64.Build.0 = Release|x64
		{E51EF63D-B40E-4BEC-B15E-C45EAB33FDEF}.Release|x86.ActiveCfg = Release|Win32
		{E51EF63D-B40E-4BEC-B15E-C45EAB33FDEF}.Release|x86.Build.0 = Release|Win32
		{15FCA25B-425A-45A6-928B-D5358B580920}.Debug|ARM.ActiveCfg = Debug|Win32
		{15FCA25B-425A-45A6-928B-D5358B580920}.Debug|ARM64.ActiveCfg = Debug|Win32
		{15FCA25B-425A-45A6-928B-D5358B580920}.Debug|x64.ActiveCfg = Debug|x64
		{15FCA25B-425A-45A6-928B-D5358B580920}.Debug|x64.Build.0 = Debug|x64
		{15FCA25B-425A-45A6-928B-D5358B580920}.Debug|x86.ActiveCfg = Debug|Win32
		{15FCA25B-425A-45A6-928B-D5358B580920}.Debug|x86.Build.0 = Debug|Win32
		{15FCA25B-425A-45A6-928B-D5358B580920}.Release|ARM.ActiveCfg = Release|Win32
		{15FCA25B-425A-45A6-928B-D5358B580920}.Release|ARM64.ActiveCfg = Release|Win32
		{15FCA25B-425A-45A6-928B-D5358B580920}.Release|x64.ActiveCfg = Release|x64
		{15FCA25B-425A-45A6-928B-D5358B580920}.Release|x64.Build.0 = Release|x64
		{15FCA25B-425A-45A6-928B-D5358B580920}.Release|x86.ActiveCfg = Release|Win32
		{15FCA25B-425A-45A6-928B-D5358B580920}.Release|x86.Build.0 = Release|Win32
		{4CBD208E-565D-4CFB-A1A3-431368465418}.Debug|ARM.ActiveCfg = Debug|Win32
		{4CBD208E-565D-4CFB-A1A3-431368465418}.Debug|ARM64.ActiveCfg = Debug|Win32
		{4CBD208E-565D-4CFB-A1A3-431368465418}.Debug|x64.ActiveCfg = Debug|x64
		{4CBD208E-565D-4CFB-A1A3-431368465418}.Debug|x64.Build.0 = Debug|x64
		{4CBD208E-565D-4CFB-A1A3-431368465418}.Debug|x86.ActiveCfg = Debug|Win32
		{4CBD208E-565D-4CFB-A1A3-431368465418}.Debug|x86.Build.0 = Debug|Win32
		{4CBD208E-565D-4CFB-A1A3-431368465418}.Release|ARM.ActiveCfg = Release|Win32
		{4CBD208E-565D-4CFB-A1A3-431368465418}.Release|ARM64.ActiveCfg = Release|Win32
		{4CBD208E-565D-4CFB-A1A3-431368465418}.Release|x64.ActiveCfg = Release|x64
		{4CBD208E-565D-4CFB-A1A3-431368465418}.Release|x64.Build.0 = Release|x64
		{4CBD208E-565D-4CFB-A1A3-431368465418}.Release|x86.ActiveCfg = Release|Win32
		{4CBD208E-565D-4CFB-A1A3-431368465418}.Release|x86.Build.0 = Release|Win32
		{C8C2541C-08AB-45C0-97D0-AF146154CEAB}.Debug|ARM.ActiveCfg = Debug|Win32
		{C8C2541C-08AB-45C0-97D0-AF146154CEAB}.Debug|ARM64.ActiveCfg = Debug|Win32
		{C8C2541C-08AB-45C0-97D0-AF146154CEAB}.Debug|x64.ActiveCfg = Debug|x64
		{C8C2541C-08AB-45C0-97D0-AF146154CEAB}.Debug|x64.Build.0 = Debug|x64
		{C8C2541C-08AB-45C0-97D0-AF146154CEAB}.Debug|x86.ActiveCfg = Debug|Win32
		{C8C2541C-08AB-45C0-97D0-AF146154CEAB}.Debug|x86.Build.0 = Debug|Win32
		{C8C2541C-08AB-45C0-97D0-AF146154CEAB}.Release|ARM.ActiveCfg = Release|Win32
		{C8C2541C-08AB-45C0-97D0-AF146154CEAB}.Release|ARM64.ActiveCfg = Release|Win32
		{C8C2541C-08AB-45C0-97D0-AF146154CEAB}.Release|x64.ActiveCfg = Release|x64
		{C8C2541C-08AB-45C0-97D0-AF146154CEAB}.Release|x64.Build.0 = Release|x64
		{C8C2541C-08AB-45C0-97D0-AF146154CEAB}.Release|x86.ActiveCfg = Release|Win32
		{C8C2541C-08AB-45C0-97D0-AF146154CEAB}.Release|x86.Build.0 = Release|Win32
		{DD0D8F0A-2D37-4855-827D-501B81015FCF}.Debug|ARM.ActiveCfg = Debug|Win32
		{DD0D8F0A-2D37-4855-827D-501B81015FCF}.Debug|ARM64.ActiveCfg = Debug|Win32
		{DD0D8F0A-2D37-4855-827D-501B81015FCF}.Debug|x64.ActiveCfg = Debug|x64
		{DD0D8F0A-2D37-4855-827D-501B81015FCF}.Debug|x64.Build.0 = Debug|x64
		{DD0D8F0A-2D37-4855-827D-501B81015FCF}.Debug|x86.ActiveCfg = Debug|Win32
		{DD0D8F0A-2D37-4855-827D-501B81015FCF}.Debug|x86.Build.0 = Debug|Win32
		{DD0D8F0A-2D37-4855-827D-501B81015FCF}.Release|ARM.ActiveCfg = Release|Win32
		{DD0D8F0A-2D37-4855-827D-501B81015FCF}.Release|ARM64.ActiveCfg = Release|Win32
		{DD0D8F0A-2D37-4855-827D-501B81015FCF}.Release|x64.ActiveCfg = Release|x64
		{DD0D8F0A-2D37-4855-827D-501B81015FCF}.Release|x64.Build.0 = Release|x64
		{DD0D8F0A-2D37-4855-827D-501B81015FCF}.Release|x86.ActiveCfg = Release|Win32
		{DD0D8F0A-2D37-4855-827D-501B81015FCF}.Release|x86.Build.0 = Release|Win32
		{30C1C9B4-0E9F-4D6A-A6D0-BF9616A48C29}.Debug|ARM.ActiveCfg = Debug|Win32
		{30C1C9B4-0E9F-4D6A-A6D0-BF9616A48C29}.Debug|ARM64.ActiveCfg = Debug|Win32
		{30C1C9B4-0E9F-4D6A-A6D0-BF9616A48C29}.Debug|x64.ActiveCfg = Debug|x64
		{30C1C9B4-0E9F-4D6A-A6D0-BF9616A48C29}.Debug|x64.Build.0 = Debug|x64
		{30C1C9B4-0E9F-4D6A-A6D0-BF9616A48C29}.Debug|x86.ActiveCfg = Debug|Win32
		{30C1C9B4-0E9F-4D6A-A6D0-BF9616A48C29}.Debug|x86.Build.0 = Debug|Win32
		{30C1C9B4-0E9F-4D6A-A6D0-BF9616A48C29}.Release|ARM.ActiveCfg = Release|Win32
		{30C1C9B4-0E9F-4D6A-A6D0-BF9616A48C29}.Release|ARM64.ActiveCfg = Release|Win32
		{30C1C9B4-0E9F-4D6A-A6D0-BF9616A48C29}.Release|x64.ActiveCfg = Release|x64
		{30C1C9B4-0E9F-4D6A-A6D0-BF9616A48C29}.Release|x64.Build.0 = Release|x64
		{30C1C9B4-0E9F-4D6A-A6D0-BF9616A48C29}.Release|x86.ActiveCfg = Release|Win32
		{30C1C9B4-0E9F-4D6A-A6D0-BF9616A48C29}.Release|x86.Build.0 = Release|Win32
		{92B72B3A-EE42-492B-A723-5E18C628AD5D}.Debug|ARM.ActiveCfg = Debug|Win32
		{92B72B3A-EE42-492B-A723-5E18C628AD5D}.Debug|ARM64.ActiveCfg = Debug|Win32
		{92B72B3A-EE42-492B-A723-5E18C628AD5D}.Debug|x64.ActiveCfg = Debug|x64
		{92B72B3A-EE42-492B-A723-5E18C628AD5D}.Debug|x64.Build.0 = Debug|x64
		{92B72B3A-EE42-492B-A723-5E18C628AD5D}.Debug|x86.ActiveCfg = Debug|Win32
		{92B72B3A-EE42-492B-A723-5E18C628AD5D}.Debug|x86.Build.0 = Debug|Win32
		{92B72B3A-EE42-492B-A723-5E18C628AD5D}.Release|ARM.ActiveCfg = Release|Win32
		{92B72B3A-EE42-492B-A723-5E18C628AD5D}.Release|ARM64.ActiveCfg = Release|Win32
		{92B72B3A-EE42-492B-A723-5E18C628AD5D}.Release|x64.ActiveCfg = Release|x64
		{92B72B3A-EE42-492B-A723-5E18C628AD5D}.Release|x64.Build.0 = Release|x64
		{92B72B3A-EE42-492B-A723-5E18C628AD5D}.Release|x86.ActiveCfg = Release|Win32
		{92B72B3A-EE42-492B-A723-5E18C628AD5D}.Release|x86.Build.0 = Release|Win32
		{CFECEC92-CA85-40EC-B6D4-3ECDD528DBA5}.Debug|ARM.ActiveCfg = Debug|Win32
		{CFECEC92-CA85-40EC-B6D4-3ECDD528DBA5}.Debug|ARM64.ActiveCfg = Debug|Win32
		{CFECEC92-CA85-40EC-B6D4-3ECDD528DBA5}.Debug|x64.ActiveCfg = Debug|x64
		{CFECEC92-CA85-40EC-B6D4-3ECDD528DBA5}.Debug|x64.Build.0 = Debug|x64
		{CFECEC92-CA85-40EC-B6D4-3ECDD528DBA5}.Debug|x86.ActiveCfg = Debug|Win32
		{CFECEC92-CA85-40EC-B6D4-3ECDD528DBA5}.Debug|x86.Build.0 = Debug|Win32
		{CFECEC92-CA85-40EC-B6D4-3ECDD528DBA5}.Release|ARM.ActiveCfg = Release|Win32
		{CFECEC92-CA85-40EC-B6D4-3ECDD528DBA5}.Release|ARM64.ActiveCfg = Release|Win32
		{CFECEC92-CA85-40EC-B6D4-3ECDD528DBA5}.Release|x64.ActiveCfg = Release|x64
		{CFECEC92-CA85-40EC-B6D4-3ECDD528DBA5}.Release|x64.Build.0 = Release|x64
		{CFECEC92-CA85-40EC-B6D4-3ECDD528DBA5}.Release|x86.ActiveCfg = Release|Win32
		{CFECEC92-CA85-40EC-B6D4-3ECDD528DBA5}.Release|x86.Build.0 = Release|Win32
		{39622961-953D-4ED2-BA75-103D791ECEFA}.Debug|ARM.ActiveCfg = Debug|Win32
		{39622961-953D-4ED2-BA75-103D791ECEFA}.Debug|ARM64.ActiveCfg = Debug|Win32
		{39622961-953D-4ED2-BA75-103D791ECEFA}.Debug|x64.ActiveCfg = Debug|x64
		{39622961-953D-4ED2-BA75-103D791ECEFA}.Debug|x64.Build.0 = Debug|x64
		{39622961-953D-4ED2-BA75-103D791ECEFA}.Debug|x86.ActiveCfg = Debug|Win32
		{39622961-953D-4ED2-BA75-103D791ECEFA}.Debug|x86.Build.0 = Debug|Win32
		{39622961-953D-4ED2-BA75-103D791ECEFA}.Release|ARM.ActiveCfg = Release|Win32
		{39622961-953D-4ED2-BA75-103D791ECEFA}.Release|ARM64.ActiveCfg = Release|Win32
		{39622961-953D-4ED2-BA75-103D791ECEFA}.Release|x64.ActiveCfg = Release|x64
		{39622961-953D-4ED2-BA75-103D791ECEFA}.Release|x64.Build.0 = Release|x64
		{39622961-953D-4ED2-BA75-103D791ECEFA}.Release|x86.ActiveCfg = Release|Win32
		{39622961-953D-4ED2-BA75-103D791ECEFA}.Release|x86.Build.0 = Release|Win32
		{CC8CF9F3-A25A-4AE2-BB61-6AD6B10CD5AC}.Debug|ARM.ActiveCfg = Debug|Win32
		{CC8CF9F3-A25A-4AE2-BB61-6AD6B10CD5AC}.Debug|ARM64.ActiveCfg = Debug|Win32
		{CC8CF9F3-A25A-4AE2-BB61-6AD6B10CD5AC}.Debug|x64.ActiveCfg = Debug|x64
		{CC8CF9F3-A25A-4AE2-BB61-6AD6B10CD5AC}.Debug|x64.Build.0 = Debug|x64
		{CC8CF9F3-A25A-4AE2-BB61-6AD6B10CD5AC}.Debug|x86.ActiveCfg = Debug|Win32
		{CC8CF9F3-A25A-4AE2-BB61-6AD6B10CD5AC}.Debug|x86.Build.0 = Debug|Win32
		{CC8CF9F3-A25A-4AE2-BB61-6AD6B10CD5AC}.Release|ARM.ActiveCfg = Release|Win32
		{CC8CF9F3-A25A-4AE2-BB61-6AD6B10CD5AC}.Release|ARM64.ActiveCfg = Release|Win32
		{CC8CF9F3-A25A-4AE2-BB61-6AD6B10CD5AC}.Release|x64.ActiveCfg = Release|x64
		{CC8CF9F3-A25A-4AE2-BB61-6AD6B10CD5AC}.Release|x64.Build.0 = Release|x64
		{CC8CF9F3-A25A-4AE2-BB61-6AD6B10CD5AC}.Release|x86.ActiveCfg = Release|Win32
		{CC8CF9F3-A25A-4AE2-BB61-6AD6B10CD5AC}.Release|x86.Build.0 = Release|Win32
		{D982C3CC-9178-49F6-B011-7FCD936039F8}.Debug|ARM.ActiveCfg = Debug|Win32
		{D982C3CC-9178-49F6-B011-7FCD936039F8}.Debug|ARM64.ActiveCfg = Debug|Win32
		{D982C3CC-9178-49F6-B011-7FCD936039F8}.Debug|x64.ActiveCfg = Debug|x64
		{D982C3CC-9178-49F6-B011-7FCD936039F8}.Debug|x64.Build.0 = Debug|x64
		{D982C3CC-9178-49F6-B011-7FCD936039F8}.Debug|x86.ActiveCfg = Debug|Win32
		{D982C3CC-9178-49F6-B011-7FCD936039F8}.Debug|x86.Build.0 = Debug|Win32
		{D982C3CC-9178-49F6-B011-7FCD936039F8}.Release|ARM.ActiveCfg = Release|Win32
		{D982C3CC-9178-49F6-B011-7FCD936039F8}.Release|ARM64.ActiveCfg = Release|Win32
		{D982C3CC-9178-49F6-B011-7FCD936039F8}.Release|x64.ActiveCfg = Release|x64
		{D982C3CC-9178-49F6-B011-7FCD936039F8}.Release|x64.Build.0 = Release|x64
		{D982C3CC-9178-49F6-B011-7FCD936039F8}.Release|x86.ActiveCfg = Release|Win32
		{D982C3CC-9178-49F6-B011-7FCD936039F8}.Release|x86.Build.0 = Release|Win32
		{C8C3A2FD-63A3-42BB-8892-41983D56C04D}.Debug|ARM.ActiveCfg = Debug|Win32
		{C8C3A2FD-63A3-42BB-8892-41983D56C04D}.Debug|ARM64.ActiveCfg = Debug|Win32
		{C8C3A2FD-63A3-42BB-8892-41983D56C04D}.Debug|x64.ActiveCfg = Debug|x64
		{C8C3A2FD-63A3-42BB-8892-41983D56C04D}.Debug|x64.Build.0 = Debug|x64
		{C8C3A2FD-63A3-42BB-8892-41983D56C04D}.Debug|x86.ActiveCfg = Debug|Win32
		{C8C3A2FD-63A3-42BB-8892-41983D56C04D}.Debug|x86.Build.0 = Debug|Win32
		{C8C3A2FD-63A3-42BB-8892-41983D56C04D}.Release|ARM.ActiveCfg = Release|Win32
		{C8C3A2FD-63A3-42BB-8892-41983D56C04D}.Release|ARM64.ActiveCfg = Release|Win32
		{C8C3A2FD-63A3-42BB-8892-41983D56C04D}.Release|x64.ActiveCfg = Release|x64
		{C8C3A2FD-63A3-42BB-8892-41983D56C04D}.Release|x64.Build.0 = Release|x64
		{C8C3A2FD-63A3-42BB-8892-41983D56C04D}.Release|x86.ActiveCfg = Release|Win32
		{C8C3A2FD-63A3-42BB-8892-41983D56C04D}.Release|x86.Build.0 = Release|Win32
		{6CB8E1F3-C8CE-451E-9296-3FD03F32ACDF}.Debug|ARM.ActiveCfg = Debug|Win32
		{6CB8E1F3-C8CE-451E-9296-3FD03F32ACDF}.Debug|ARM64.ActiveCfg = Debug|Win32
		{6CB8E1F3-C8CE-451E-9296-3FD03F32ACDF}.Debug|x64.ActiveCfg = Debug|x64
		{6CB8E1F3-C8CE-451E-9296-3FD03F32ACDF}.Debug|x64.Build.0 = Debug|x64
		{6CB8E1F3-C8CE-451E-9296-3FD03F32ACDF}.Debug|x86.ActiveCfg = Debug|Win32
		{6CB8E1F3-C8CE-451E-9296-3FD03F32ACDF}.Debug|x86.Build.0 = Debug|Win32
		{6CB8E1F3-C8CE-451E-9296-3FD03F32ACDF}.Release|ARM.ActiveCfg = Release|Win32
		{6CB8E1F3-C8CE-451E-9296-3FD03F32ACDF}.Release|ARM64.ActiveCfg = Release|Win32
		{6CB8E1F3-C8CE-451E-9296-3FD03F32ACDF}.Release|x64.ActiveCfg = Release|x64
		{6CB8E1F3-C8CE-451E-9296-3FD03F32ACDF}.Release|x64.Build.0 = Release|x64
		{6CB8E1F3-C8CE-451E-9296-3FD03F32ACDF}.Release|x86.ActiveCfg = Release|Win32
		{6CB8E1F3-C8CE-451E-9296-3FD03F32ACDF}.Release|x86.Build.0 = Release|Win32
		{B104407C-62AF-459E-B1F1-4F3BAAE6A2AA}.Debug|ARM.ActiveCfg = Debug|Win32
		{B104407C-62AF-459E-B1F1-4F3BAAE6A2AA}.Debug|ARM64.ActiveCfg = Debug|Win32
		{B104407C-62AF-459E-B1F1-4F3BAAE6A2AA}.Debug|x64.ActiveCfg = Debug|x64
		{B104407C-62AF-459E-B1F1-4F3BAAE6A2AA}.Debug|x64.Build.0 = Debug|x64
		{B104407C-62AF-459E-B1F1-4F3BAAE6A2AA}.Debug|x86.ActiveCfg = Debug|Win32
		{B104407C-62AF-459E-B1F1-4F3BAAE6A2AA}.Debug|x86.Build.0 = Debug|Win32
		{B104407C-62AF-459E-B1F1-4F3BAAE6A2AA}.Release|ARM.ActiveCfg = Release|Win32
		{B104407C-62AF-459E-B1F1-4F3BAAE6A2AA}.Release|ARM64.ActiveCfg = Release|Win32
		{B104407C-62AF-459E-B1F1-4F3BAAE6A2AA}.Release|x64.ActiveCfg = Release|x64
		{B104407C-62AF-459E-B1F1-4F3BAAE6A2AA}.Release|x64.Build.0 = Release|x64
		{B104407C-62AF-459E-B1F1-4F3BAAE6A2AA}.Release|x86.ActiveCfg = Release|Win32
		{B104407C-62AF-459E-B1F1-4F3BAAE6A2AA}.Release|x86.Build.0 = Release|Win32
		{5E3DD926-B8CC-42C6-A50F-DD752DE4BE51}.Debug|ARM.ActiveCfg = Debug|Win32
		{5E3DD926-B8CC-42C6-A50F-DD752DE4BE51}.Debug|ARM64.ActiveCfg = Debug|Win32
		{5E3DD926-B8CC-42C6-A50F-DD752DE4BE51}.Debug|x64.ActiveCfg = Debug|x64
		{5E3DD926-B8CC-42C6-A50F-DD752DE4BE51}.Debug|x64.Build.0 = Debug|x64
		{5E3DD926-B8CC-42C6-A50F-DD752DE4BE51}.Debug|x86.ActiveCfg = Debug|Win32
		{5E3DD926-B8CC-42C6-A50F-DD752DE4BE51}.Debug|x86.Build.0 = Debug|Win32
		{5E3DD926-B8CC-42C6-A50F-DD752DE4BE51}.Release|ARM.ActiveCfg = Release|Win32
		{5E3DD926-B8CC-42C6-A50F-DD752DE4BE51}.Release|ARM64.ActiveCfg = Release|Win32
		{5E3DD926-B8CC-42C6-A50F-DD752DE4BE51}.Release|x64.ActiveCfg = Release|x64
		{5E3DD926-B8CC-42C6-A50F-DD752DE4BE51}.Release|x64.Build.0 = Release|x64
		{5E3DD926-B8CC-42C6-A50F-DD752DE4BE51}.Release|x86.ActiveCfg = Release|Win32
		{5E3DD926-B8CC-42C6-A50F-DD752DE4BE51}.Release|x86.Build.0 = Release|Win32
		{C9E65E1B-A66F-4FA7-8AC4-8572A691408A}.Debug|ARM.ActiveCfg = Debug|Win32
		{C9E65E1B-A66F-4FA7-8AC4-8572A691408A}.Debug|ARM64.ActiveCfg = Debug|Win32
		{C9E65E1B-A66F-4FA7-8AC4-8572A691408A}.Debug|x64.ActiveCfg = Debug|x64
		{C9E65E1B-A66F-4FA7-8AC4-8572A691408A}.Debug|x64.Build.0 = Debug|x64
		{C9E65E1B-A66F-4FA7-8AC4-8572A691408A}.Debug|x86.ActiveCfg = Debug|Win32
		{C9E65E1B-A66F-4FA7-8AC4-8572A691408A}.Debug|x86.Build.0 = Debug|Win32
		{C9E65E1B-A66F-4FA7-8AC4-8572A691408A}.Release|ARM.ActiveCfg = Release|Win32
		{C9E65E1B-A66F-4FA7-8AC4-8572A691408A}.Release|ARM64.ActiveCfg = Release|Win32
		{C9E65E1B-A66F-4FA7-8AC4-8572A691408A}.Release|x64.ActiveCfg = Release|x64
		{C9E65E1B-A66F-4FA7-8AC4-8572A691408A}.Release|x64.Build.0 = Release|x64
		{C9E65E1B-A66F-4FA7-8AC4-8572A691408A}.Release|x86.ActiveCfg = Release|Win32
		{C9E65E1B-A66F-4FA7-8AC4-8572A691408A}.Release|x86.Build.0 = Release|Win32
		{F731EB49-8EBB-49E0-B158-7C278EC1B0E5}.Debug|ARM.ActiveCfg = Debug|Win32
		{F731EB49-8EBB-49E0-B158-7C278EC1B0E5}.Debug|ARM64.ActiveCfg = Debug|Win32
		{F731EB49-8EBB-49E0-B158-7C278EC1B0E5}.Debug|x64.ActiveCfg = Debug|x64
		{F731EB49-8EBB-49E0-B158-7C278EC1B0E5}.Debug|x64.Build.0 = Debug|x64
		{F731EB49-8EBB-49E0-B158-7C278EC1B0E5}.Debug|x86.ActiveCfg = Debug|Win32
		{F731EB49-8EBB-49E0-B158-7C278EC1B0E5}.Debug|x86.Build.0 = Debug|Win32
		{F731EB49-8EBB-49E0-B158-7C278EC1B0E5}.Release|ARM.ActiveCfg = Release|Win32
		{F731EB49-8EBB-49E0-B158-7C278EC1B0E5}.Release|ARM64.ActiveCfg = Release|Win32
		{F731EB49-8EBB-49E0-B158-7C278EC1B0E5}.Release|x64.ActiveCfg = Release|x64
		{F731EB49-8EBB-49E0-B158-7C278EC1B0E5}.Release|x64.Build.0 = Release|x64
		{F731EB49-8EBB-49E0-B158-7C278EC1B0E5}.Release|x86.ActiveCfg = Release|Win32
		{F731EB49-8EBB-49E0-B158-7C278EC1B0E5}.Release|x86.Build.0 = Release|Win32
		{95470F46-DC29-4A8F-AB42-2C5393B0C768}.Debug|ARM.ActiveCfg = Debug|Win32
		{95470F46-DC29-4A8F-AB42-2C5393B0C768}.Debug|ARM64.ActiveCfg = Debug|Win32
		{95470F46-DC29-4A8F-AB42-2C5393B0C768}.Debug|x64.ActiveCfg = Debug|x64
		{95470F46-DC29-4A8F-AB42-2C5393B0C768}.Debug|x64.Build.0 = Debug|x64
		{95470F46-DC29-4A8F-AB42-2C5393B0C768}.Debug|x86.ActiveCfg = Debug|Win32
		{95470F46-DC29-4A8F-AB42-2C5393B0C768}.Debug|x86.Build.0 = Debug|Win32
		{95470F46-DC29-4A8F-AB42-2C5393B0C768}.Release|ARM.ActiveCfg = Release|Win32
		{95470F46-DC29-4A8F-AB42-2C5393B0C768}.Release|ARM64.ActiveCfg = Release|Win32
		{95470F46-DC29-4A8F-AB42-2C5393B0C768}.Release|x64.ActiveCfg = Release|x64
		{95470F46-DC29-4A8F-AB42-2C5393B0C768}.Release|x64.Build.0 = Release|x64
		{95470F46-DC29-4A8F-AB42-2C5393B0C768}.Release|x86.ActiveCfg = Release|Win32
		{95470F46-DC29-4A8F-AB42-2C5393B0C768}.Release|x86.Build.0 = Release|Win32
		{316F9BF3-02ED-4E8B-A85D-327E0AF16FE4}.Debug|ARM.ActiveCfg = Debug|Win32
		{316F9BF3-02ED-4E8B-A85D-327E0AF16FE4}.Debug|ARM64.ActiveCfg = Debug|Win32
		{316F9BF3-02ED-4E8B-A85D-327E0AF16FE4}.Debug|x64.ActiveCfg = Debug|x64
		{316F9BF3-02ED-4E8B-A85D-327E0AF16FE4}.Debug|x64.Build.0 = Debug|x64
		{316F9BF3-02ED-4E8B-A85D-327E0AF16FE4}.Debug|x86.ActiveCfg = Debug|Win32
		{316F9BF3-02ED-4E8B-A85D-327E0AF16FE4}.Debug|x86.Build.0 = Debug|Win32
		{316F9BF3-02ED-4E8B-A85D-327E0AF16FE4}.Release|ARM.ActiveCfg = Release|Win32
		{316F9BF3-02ED-4E8B-A85D-327E0AF16FE4}.Release|ARM64.ActiveCfg = Release|Win32
		{316F9BF3-02ED-4E8B-A85D-327E0AF16FE4}.Release|x64.ActiveCfg = Release|x64
		{316F9BF3-02ED-4E8B-A85D-327E0AF16FE4}.Release|x64.Build.0 = Release|x64
		{316F9BF3-02ED-4E8B-A85D-327E0AF16FE4}.Release|x86.ActiveCfg = Release|Win32
		{316F9BF3-02ED-4E8B-A85D-327E0AF16FE4}.Release|x86.Build.0 = Release|Win32
		{2C85C539-997C-4C84-95EA-039F9B76C5BB}.Debug|ARM.ActiveCfg = Debug|Win32
		{2C85C539-997C-4C84-95EA-039F9B76C5BB}.Debug|ARM64.ActiveCfg = Debug|Win32
		{2C85C539-997C-4C84-95EA-039F9B76C5BB}.Debug|x64.ActiveCfg = Debug|x64
		{2C85C539-997C-4C84-95EA-039F9B76C5BB}.Debug|x64.Build.0 = Debug|x64
		{2C85C539-997C-4C84-95EA-039F9B76C5BB}.Debug|x86.ActiveCfg = Debug|Win32
		{2C85C539-997C-4C84-95EA-039F9B76C5BB}.Debug|x86.Build.0 = Debug|Win32
		{2C85C539-997C-4C84-95EA-039F9B76C5BB}.Release|ARM.ActiveCfg = Release|Win32
		{2C85C539-997C-4C84-95EA-039F9B76C5BB}.Release|ARM64.ActiveCfg = Release|Win32
		{2C85C539-997C-4C84-95EA-039F9B76C5BB}.Release|x64.ActiveCfg = Release|x64
		{2C85C539-997C-4C84-95EA-039F9B76C5BB}.Release|x64.Build.0 = Release|x64
		{2C85C539-997C-4C84-95EA-039F9B76C5BB}.Release|x86.ActiveCfg = Release|Win32
		{2C85C539-997C-4C84-95EA-039F9B76C5BB}.Release|x86.Build.0 = Release|Win32
	EndGlobalSection
	GlobalSection(SolutionProperties) = preSolution
		HideSolutionNode = FALSE
	EndGlobalSection
	GlobalSection(ExtensibilityGlobals) = postSolution
		SolutionGuid = {F19E0090-1B4C-4715-938F-267FBF76FFEE}
	EndGlobalSection
EndGlobal
